// !$*UTF8*$!
{
	archiveVersion = 1;
	classes = {
	};
	objectVersion = 56;
	objects = {

/* Begin PBXBuildFile section */
		778E748C8EF82898707458C1 /* Pods_RingtoneForest.framework in Frameworks */ = {isa = PBXBuildFile; fileRef = 280F1B3F0DAA41867146FD65 /* Pods_RingtoneForest.framework */; };
		FE126BF52A6C56BF008C3DB5 /* TutorialView.swift in Sources */ = {isa = PBXBuildFile; fileRef = FE126BF42A6C56BF008C3DB5 /* TutorialView.swift */; };
		FE126BF82A6CE45E008C3DB5 /* RenameView.swift in Sources */ = {isa = PBXBuildFile; fileRef = FE126BF72A6CE45D008C3DB5 /* RenameView.swift */; };
		FE126BFA2A6CE72F008C3DB5 /* DeleteView.swift in Sources */ = {isa = PBXBuildFile; fileRef = FE126BF92A6CE72F008C3DB5 /* DeleteView.swift */; };
		FE126BFC2A6D0CAD008C3DB5 /* WallpaperDetailView.swift in Sources */ = {isa = PBXBuildFile; fileRef = FE126BFB2A6D0CAD008C3DB5 /* WallpaperDetailView.swift */; };
		FE1DDAD52AF3D84000B1498C /* libswresample.xcframework in Frameworks */ = {isa = PBXBuildFile; fileRef = FE1DDACD2AF3D83E00B1498C /* libswresample.xcframework */; };
		FE1DDAD62AF3D84000B1498C /* libswresample.xcframework in Embed Frameworks */ = {isa = PBXBuildFile; fileRef = FE1DDACD2AF3D83E00B1498C /* libswresample.xcframework */; settings = {ATTRIBUTES = (CodeSignOnCopy, RemoveHeadersOnCopy, ); }; };
		FE1DDAD72AF3D84000B1498C /* libavcodec.xcframework in Frameworks */ = {isa = PBXBuildFile; fileRef = FE1DDACE2AF3D83E00B1498C /* libavcodec.xcframework */; };
		FE1DDAD82AF3D84000B1498C /* libavcodec.xcframework in Embed Frameworks */ = {isa = PBXBuildFile; fileRef = FE1DDACE2AF3D83E00B1498C /* libavcodec.xcframework */; settings = {ATTRIBUTES = (CodeSignOnCopy, RemoveHeadersOnCopy, ); }; };
		FE1DDAD92AF3D84000B1498C /* libswscale.xcframework in Frameworks */ = {isa = PBXBuildFile; fileRef = FE1DDACF2AF3D83F00B1498C /* libswscale.xcframework */; };
		FE1DDADA2AF3D84000B1498C /* libswscale.xcframework in Embed Frameworks */ = {isa = PBXBuildFile; fileRef = FE1DDACF2AF3D83F00B1498C /* libswscale.xcframework */; settings = {ATTRIBUTES = (CodeSignOnCopy, RemoveHeadersOnCopy, ); }; };
		FE1DDADB2AF3D84000B1498C /* libavdevice.xcframework in Frameworks */ = {isa = PBXBuildFile; fileRef = FE1DDAD02AF3D83F00B1498C /* libavdevice.xcframework */; };
		FE1DDADC2AF3D84000B1498C /* libavdevice.xcframework in Embed Frameworks */ = {isa = PBXBuildFile; fileRef = FE1DDAD02AF3D83F00B1498C /* libavdevice.xcframework */; settings = {ATTRIBUTES = (CodeSignOnCopy, RemoveHeadersOnCopy, ); }; };
		FE1DDADD2AF3D84000B1498C /* libavutil.xcframework in Frameworks */ = {isa = PBXBuildFile; fileRef = FE1DDAD12AF3D83F00B1498C /* libavutil.xcframework */; };
		FE1DDADE2AF3D84000B1498C /* libavutil.xcframework in Embed Frameworks */ = {isa = PBXBuildFile; fileRef = FE1DDAD12AF3D83F00B1498C /* libavutil.xcframework */; settings = {ATTRIBUTES = (CodeSignOnCopy, RemoveHeadersOnCopy, ); }; };
		FE1DDADF2AF3D84100B1498C /* libavformat.xcframework in Frameworks */ = {isa = PBXBuildFile; fileRef = FE1DDAD22AF3D83F00B1498C /* libavformat.xcframework */; };
		FE1DDAE02AF3D84100B1498C /* libavformat.xcframework in Embed Frameworks */ = {isa = PBXBuildFile; fileRef = FE1DDAD22AF3D83F00B1498C /* libavformat.xcframework */; settings = {ATTRIBUTES = (CodeSignOnCopy, RemoveHeadersOnCopy, ); }; };
		FE1DDAE12AF3D84100B1498C /* libavfilter.xcframework in Frameworks */ = {isa = PBXBuildFile; fileRef = FE1DDAD32AF3D83F00B1498C /* libavfilter.xcframework */; };
		FE1DDAE22AF3D84100B1498C /* libavfilter.xcframework in Embed Frameworks */ = {isa = PBXBuildFile; fileRef = FE1DDAD32AF3D83F00B1498C /* libavfilter.xcframework */; settings = {ATTRIBUTES = (CodeSignOnCopy, RemoveHeadersOnCopy, ); }; };
		FE1DDAE32AF3D84100B1498C /* ffmpegkit.xcframework in Frameworks */ = {isa = PBXBuildFile; fileRef = FE1DDAD42AF3D83F00B1498C /* ffmpegkit.xcframework */; };
		FE1DDAE42AF3D84100B1498C /* ffmpegkit.xcframework in Embed Frameworks */ = {isa = PBXBuildFile; fileRef = FE1DDAD42AF3D83F00B1498C /* ffmpegkit.xcframework */; settings = {ATTRIBUTES = (CodeSignOnCopy, RemoveHeadersOnCopy, ); }; };
		FE3B7A2E2A477978006100C7 /* AudioCutterView.swift in Sources */ = {isa = PBXBuildFile; fileRef = FE3B7A2D2A477978006100C7 /* AudioCutterView.swift */; };
		FE3B7A302A48A363006100C7 /* SaveRingtoneView.swift in Sources */ = {isa = PBXBuildFile; fileRef = FE3B7A2F2A48A363006100C7 /* SaveRingtoneView.swift */; };
		FE3B7A322A48A6B8006100C7 /* LiveWallpaperCutterView.swift in Sources */ = {isa = PBXBuildFile; fileRef = FE3B7A312A48A6B8006100C7 /* LiveWallpaperCutterView.swift */; };
		FE3B7A342A48A6EC006100C7 /* NoFillButtonView.swift in Sources */ = {isa = PBXBuildFile; fileRef = FE3B7A332A48A6EC006100C7 /* NoFillButtonView.swift */; };
		FE3B7A362A48A70D006100C7 /* FillButtonView.swift in Sources */ = {isa = PBXBuildFile; fileRef = FE3B7A352A48A70D006100C7 /* FillButtonView.swift */; };
		FE3B7A382A48A9B0006100C7 /* SavingView.swift in Sources */ = {isa = PBXBuildFile; fileRef = FE3B7A372A48A9B0006100C7 /* SavingView.swift */; };
		FE3B7A3A2A48B8E5006100C7 /* PremiumPlanView.swift in Sources */ = {isa = PBXBuildFile; fileRef = FE3B7A392A48B8E5006100C7 /* PremiumPlanView.swift */; };
		FE42C3082A76B6FF0079CEEB /* AudioContext.swift in Sources */ = {isa = PBXBuildFile; fileRef = FE42C3072A76B6FF0079CEEB /* AudioContext.swift */; };
		FE4FEA2D2A38CF7C00007166 /* RingtoneForestApp.swift in Sources */ = {isa = PBXBuildFile; fileRef = FE4FEA2C2A38CF7C00007166 /* RingtoneForestApp.swift */; };
		FE4FEA2F2A38CF7C00007166 /* ContentView.swift in Sources */ = {isa = PBXBuildFile; fileRef = FE4FEA2E2A38CF7C00007166 /* ContentView.swift */; };
		FE4FEA312A38CF7D00007166 /* Assets.xcassets in Resources */ = {isa = PBXBuildFile; fileRef = FE4FEA302A38CF7D00007166 /* Assets.xcassets */; };
		FE4FEA342A38CF7D00007166 /* Preview Assets.xcassets in Resources */ = {isa = PBXBuildFile; fileRef = FE4FEA332A38CF7D00007166 /* Preview Assets.xcassets */; };
		FE4FEA3D2A38D08A00007166 /* TabBarView.swift in Sources */ = {isa = PBXBuildFile; fileRef = FE4FEA3C2A38D08A00007166 /* TabBarView.swift */; };
		FE4FEA412A38D0F900007166 /* EnvValueExt.swift in Sources */ = {isa = PBXBuildFile; fileRef = FE4FEA402A38D0F900007166 /* EnvValueExt.swift */; };
		FE4FEA432A38D1C800007166 /* HeaderView.swift in Sources */ = {isa = PBXBuildFile; fileRef = FE4FEA422A38D1C800007166 /* HeaderView.swift */; };
		FE4FEA482A38D2AE00007166 /* Localizable.strings in Resources */ = {isa = PBXBuildFile; fileRef = FE4FEA472A38D2AD00007166 /* Localizable.strings */; };
		FE4FEA4B2A38D2F600007166 /* Assets.swift in Sources */ = {isa = PBXBuildFile; fileRef = FE4FEA492A38D2F600007166 /* Assets.swift */; };
		FE4FEA4C2A38D2F600007166 /* L10n.swift in Sources */ = {isa = PBXBuildFile; fileRef = FE4FEA4A2A38D2F600007166 /* L10n.swift */; };
		FE7AD0FF2AB0418000680CF1 /* CoreDataStack.swift in Sources */ = {isa = PBXBuildFile; fileRef = FE7AD0FE2AB0418000680CF1 /* CoreDataStack.swift */; };
		FE7AD1022AB0444600680CF1 /* Tone.xcdatamodeld in Sources */ = {isa = PBXBuildFile; fileRef = FE7AD1002AB0444600680CF1 /* Tone.xcdatamodeld */; };
		FE7AD1052AB0450400680CF1 /* ProductStore.xcdatamodeld in Sources */ = {isa = PBXBuildFile; fileRef = FE7AD1032AB0450400680CF1 /* ProductStore.xcdatamodeld */; };
		FE7AD1082AB0455C00680CF1 /* Wallpaper.xcdatamodeld in Sources */ = {isa = PBXBuildFile; fileRef = FE7AD1062AB0455C00680CF1 /* Wallpaper.xcdatamodeld */; };
		FE7AD10E2AB046D500680CF1 /* ToneCacheCD.swift in Sources */ = {isa = PBXBuildFile; fileRef = FE7AD10D2AB046D500680CF1 /* ToneCacheCD.swift */; };
		FE7AD1102AB04A8500680CF1 /* MyTone.swift in Sources */ = {isa = PBXBuildFile; fileRef = FE7AD10F2AB04A8500680CF1 /* MyTone.swift */; };
		FE7AD1172AB04D9800680CF1 /* ProductStore+CoreDataClass.swift in Sources */ = {isa = PBXBuildFile; fileRef = FE7AD1152AB04D9700680CF1 /* ProductStore+CoreDataClass.swift */; };
		FE7AD1182AB04D9800680CF1 /* ProductStore+CoreDataProperties.swift in Sources */ = {isa = PBXBuildFile; fileRef = FE7AD1162AB04D9700680CF1 /* ProductStore+CoreDataProperties.swift */; };
		FE7AD11A2AB04DAB00680CF1 /* ProductStoreCacheCD.swift in Sources */ = {isa = PBXBuildFile; fileRef = FE7AD1192AB04DAB00680CF1 /* ProductStoreCacheCD.swift */; };
		FE7AD11C2AB04E6900680CF1 /* Package.swift in Sources */ = {isa = PBXBuildFile; fileRef = FE7AD11B2AB04E6900680CF1 /* Package.swift */; };
		FE7AD11E2AB050BE00680CF1 /* DateExt.swift in Sources */ = {isa = PBXBuildFile; fileRef = FE7AD11D2AB050BE00680CF1 /* DateExt.swift */; };
		FE7AD1202AB066C300680CF1 /* CompactTextField.swift in Sources */ = {isa = PBXBuildFile; fileRef = FE7AD11F2AB066C300680CF1 /* CompactTextField.swift */; };
		FE7AD1222AB06BAE00680CF1 /* NSNotification.swift in Sources */ = {isa = PBXBuildFile; fileRef = FE7AD1212AB06BAE00680CF1 /* NSNotification.swift */; };
		FE7AD1242AB0757E00680CF1 /* GarageBandConverter.swift in Sources */ = {isa = PBXBuildFile; fileRef = FE7AD1232AB0757E00680CF1 /* GarageBandConverter.swift */; };
		FE7AD1262AB075D800680CF1 /* projectData in Resources */ = {isa = PBXBuildFile; fileRef = FE7AD1252AB075D800680CF1 /* projectData */; };
		FE7AD1292AB15F1900680CF1 /* CTone+CoreDataClass.swift in Sources */ = {isa = PBXBuildFile; fileRef = FE7AD1272AB15F1900680CF1 /* CTone+CoreDataClass.swift */; };
		FE7AD12A2AB15F1900680CF1 /* CTone+CoreDataProperties.swift in Sources */ = {isa = PBXBuildFile; fileRef = FE7AD1282AB15F1900680CF1 /* CTone+CoreDataProperties.swift */; };
		FE7AD12C2AB1733300680CF1 /* APICall.swift in Sources */ = {isa = PBXBuildFile; fileRef = FE7AD12B2AB1733300680CF1 /* APICall.swift */; };
		FE7AD12E2AB174E900680CF1 /* WebRepository.swift in Sources */ = {isa = PBXBuildFile; fileRef = FE7AD12D2AB174E900680CF1 /* WebRepository.swift */; };
		FE7AD1302AB1751C00680CF1 /* TokenLDS.swift in Sources */ = {isa = PBXBuildFile; fileRef = FE7AD12F2AB1751C00680CF1 /* TokenLDS.swift */; };
		FE7AD1322AB1767100680CF1 /* Token.swift in Sources */ = {isa = PBXBuildFile; fileRef = FE7AD1312AB1767100680CF1 /* Token.swift */; };
		FE7AD1342AB1776D00680CF1 /* WallpaperRDS.swift in Sources */ = {isa = PBXBuildFile; fileRef = FE7AD1332AB1776D00680CF1 /* WallpaperRDS.swift */; };
		FE7AD1362AB1786000680CF1 /* WallpaperCategories.swift in Sources */ = {isa = PBXBuildFile; fileRef = FE7AD1352AB1786000680CF1 /* WallpaperCategories.swift */; };
		FE7AD1392AB17B1400680CF1 /* Swinject in Frameworks */ = {isa = PBXBuildFile; productRef = FE7AD1382AB17B1400680CF1 /* Swinject */; };
		FE7AD13C2AB17B2600680CF1 /* SwinjectAutoregistration in Frameworks */ = {isa = PBXBuildFile; productRef = FE7AD13B2AB17B2600680CF1 /* SwinjectAutoregistration */; };
		FE7AD13F2AB17B7700680CF1 /* Container+Dependencies.swift in Sources */ = {isa = PBXBuildFile; fileRef = FE7AD13E2AB17B7700680CF1 /* Container+Dependencies.swift */; };
		FE7AD1412AB17D9300680CF1 /* WallpaperViewModel.swift in Sources */ = {isa = PBXBuildFile; fileRef = FE7AD1402AB17D9300680CF1 /* WallpaperViewModel.swift */; };
		FE7AD1442AB1809900680CF1 /* Nuke in Frameworks */ = {isa = PBXBuildFile; productRef = FE7AD1432AB1809900680CF1 /* Nuke */; };
		FE7AD1462AB1809900680CF1 /* NukeExtensions in Frameworks */ = {isa = PBXBuildFile; productRef = FE7AD1452AB1809900680CF1 /* NukeExtensions */; };
		FE7AD1482AB1809900680CF1 /* NukeUI in Frameworks */ = {isa = PBXBuildFile; productRef = FE7AD1472AB1809900680CF1 /* NukeUI */; };
		FE7AD14B2AB19B0700680CF1 /* WallpaperVideoPlayer.swift in Sources */ = {isa = PBXBuildFile; fileRef = FE7AD14A2AB19B0700680CF1 /* WallpaperVideoPlayer.swift */; };
		FE7AD14D2AB19BC300680CF1 /* VLCPlayerView.swift in Sources */ = {isa = PBXBuildFile; fileRef = FE7AD14C2AB19BC300680CF1 /* VLCPlayerView.swift */; };
		FE7AD14F2AB1A13D00680CF1 /* LivePhoto.swift in Sources */ = {isa = PBXBuildFile; fileRef = FE7AD14E2AB1A13D00680CF1 /* LivePhoto.swift */; };
		FE7AD1512AB1AC0900680CF1 /* VideoExtractorView.swift in Sources */ = {isa = PBXBuildFile; fileRef = FE7AD1502AB1AC0900680CF1 /* VideoExtractorView.swift */; };
		FE7AD1532AB1B4D600680CF1 /* PHAssetExt.swift in Sources */ = {isa = PBXBuildFile; fileRef = FE7AD1522AB1B4D600680CF1 /* PHAssetExt.swift */; };
		FE7AD1552AB1C3B700680CF1 /* AVPlayerItemExt.swift in Sources */ = {isa = PBXBuildFile; fileRef = FE7AD1542AB1C3B700680CF1 /* AVPlayerItemExt.swift */; };
		FE90C6172AEAC2A20044A066 /* WebView.swift in Sources */ = {isa = PBXBuildFile; fileRef = FE90C6162AEAC2A20044A066 /* WebView.swift */; };
		FE90C61A2AEAC72A0044A066 /* SwiftyStoreKit in Frameworks */ = {isa = PBXBuildFile; productRef = FE90C6192AEAC72A0044A066 /* SwiftyStoreKit */; };
		FEC6F5202AAF9850005F23F9 /* FancyToast.swift in Sources */ = {isa = PBXBuildFile; fileRef = FEC6F51F2AAF9850005F23F9 /* FancyToast.swift */; };
		FEC6F5222AAF9902005F23F9 /* ToastView.swift in Sources */ = {isa = PBXBuildFile; fileRef = FEC6F5212AAF9902005F23F9 /* ToastView.swift */; };
		FEC6F5242AAF995D005F23F9 /* ToastModifier.swift in Sources */ = {isa = PBXBuildFile; fileRef = FEC6F5232AAF995D005F23F9 /* ToastModifier.swift */; };
		FEC6F5262AAF9A4B005F23F9 /* ViewExt.swift in Sources */ = {isa = PBXBuildFile; fileRef = FEC6F5252AAF9A4B005F23F9 /* ViewExt.swift */; };
		FEEAF8A92A961E3B0080DCE8 /* RingtoneExtractor.swift in Sources */ = {isa = PBXBuildFile; fileRef = FEEAF8A82A961E3B0080DCE8 /* RingtoneExtractor.swift */; };
		FEF66D7B2A42C0C800CE5525 /* ActivityViewController.swift in Sources */ = {isa = PBXBuildFile; fileRef = FEF66D7A2A42C0C800CE5525 /* ActivityViewController.swift */; };
		FEF66D7D2A42C7F800CE5525 /* Colors.xcassets in Resources */ = {isa = PBXBuildFile; fileRef = FEF66D7C2A42C7F800CE5525 /* Colors.xcassets */; };
		FEF66D802A43007100CE5525 /* MakerView.swift in Sources */ = {isa = PBXBuildFile; fileRef = FEF66D7F2A43007100CE5525 /* MakerView.swift */; };
		FEF66D832A43008400CE5525 /* MyTonesView.swift in Sources */ = {isa = PBXBuildFile; fileRef = FEF66D822A43008400CE5525 /* MyTonesView.swift */; };
		FEF66D862A43009700CE5525 /* SettingsView.swift in Sources */ = {isa = PBXBuildFile; fileRef = FEF66D852A43009700CE5525 /* SettingsView.swift */; };
		FEF66D892A4300AF00CE5525 /* WallpaperView.swift in Sources */ = {isa = PBXBuildFile; fileRef = FEF66D882A4300AF00CE5525 /* WallpaperView.swift */; };
		FEF66D8B2A44612600CE5525 /* Constant.swift in Sources */ = {isa = PBXBuildFile; fileRef = FEF66D8A2A44612600CE5525 /* Constant.swift */; };
		FEF66D8D2A446F0E00CE5525 /* TextModifier.swift in Sources */ = {isa = PBXBuildFile; fileRef = FEF66D8C2A446F0D00CE5525 /* TextModifier.swift */; };
		FEF66D8F2A454C8B00CE5525 /* VideoView.swift in Sources */ = {isa = PBXBuildFile; fileRef = FEF66D8E2A454C8B00CE5525 /* VideoView.swift */; };
		FEF66D942A45C4BD00CE5525 /* VideosAsset.swift in Sources */ = {isa = PBXBuildFile; fileRef = FEF66D932A45C4BD00CE5525 /* VideosAsset.swift */; };
		FEF66D972A45C72000CE5525 /* RecordAudioView.swift in Sources */ = {isa = PBXBuildFile; fileRef = FEF66D962A45C72000CE5525 /* RecordAudioView.swift */; };
		FEF91FB82A776987008A22A3 /* LoadingView.swift in Sources */ = {isa = PBXBuildFile; fileRef = FEF91FB72A776987008A22A3 /* LoadingView.swift */; };
		FEF91FBA2A776C65008A22A3 /* sample.mp3 in Resources */ = {isa = PBXBuildFile; fileRef = FEF91FB92A776C65008A22A3 /* sample.mp3 */; };
		FEF91FBC2A77B7F6008A22A3 /* DoubleExt.swift in Sources */ = {isa = PBXBuildFile; fileRef = FEF91FBB2A77B7F6008A22A3 /* DoubleExt.swift */; };
		FEF91FBE2A77B871008A22A3 /* StringExt.swift in Sources */ = {isa = PBXBuildFile; fileRef = FEF91FBD2A77B871008A22A3 /* StringExt.swift */; };
		FEF91FC02A77BBA9008A22A3 /* ScrollViewOffset.swift in Sources */ = {isa = PBXBuildFile; fileRef = FEF91FBF2A77BBA9008A22A3 /* ScrollViewOffset.swift */; };
		FEF91FC32A77BD67008A22A3 /* SwiftUIIntrospect in Frameworks */ = {isa = PBXBuildFile; productRef = FEF91FC22A77BD67008A22A3 /* SwiftUIIntrospect */; };
/* End PBXBuildFile section */

/* Begin PBXCopyFilesBuildPhase section */
		FE1DDAE52AF3D84100B1498C /* Embed Frameworks */ = {
			isa = PBXCopyFilesBuildPhase;
			buildActionMask = 2147483647;
			dstPath = "";
			dstSubfolderSpec = 10;
			files = (
				FE1DDADC2AF3D84000B1498C /* libavdevice.xcframework in Embed Frameworks */,
				FE1DDAE42AF3D84100B1498C /* ffmpegkit.xcframework in Embed Frameworks */,
				FE1DDAE22AF3D84100B1498C /* libavfilter.xcframework in Embed Frameworks */,
				FE1DDAE02AF3D84100B1498C /* libavformat.xcframework in Embed Frameworks */,
				FE1DDAD62AF3D84000B1498C /* libswresample.xcframework in Embed Frameworks */,
				FE1DDADA2AF3D84000B1498C /* libswscale.xcframework in Embed Frameworks */,
				FE1DDAD82AF3D84000B1498C /* libavcodec.xcframework in Embed Frameworks */,
				FE1DDADE2AF3D84000B1498C /* libavutil.xcframework in Embed Frameworks */,
			);
			name = "Embed Frameworks";
			runOnlyForDeploymentPostprocessing = 0;
		};
/* End PBXCopyFilesBuildPhase section */

/* Begin PBXFileReference section */
		063EA2AFFF1F6039E9855271 /* Pods-RingtoneForest.debug.xcconfig */ = {isa = PBXFileReference; includeInIndex = 1; lastKnownFileType = text.xcconfig; name = "Pods-RingtoneForest.debug.xcconfig"; path = "Target Support Files/Pods-RingtoneForest/Pods-RingtoneForest.debug.xcconfig"; sourceTree = "<group>"; };
		280F1B3F0DAA41867146FD65 /* Pods_RingtoneForest.framework */ = {isa = PBXFileReference; explicitFileType = wrapper.framework; includeInIndex = 0; path = Pods_RingtoneForest.framework; sourceTree = BUILT_PRODUCTS_DIR; };
		46285DA7EE2760F7B5EAE06A /* Pods-RingtoneForest.release.xcconfig */ = {isa = PBXFileReference; includeInIndex = 1; lastKnownFileType = text.xcconfig; name = "Pods-RingtoneForest.release.xcconfig"; path = "Target Support Files/Pods-RingtoneForest/Pods-RingtoneForest.release.xcconfig"; sourceTree = "<group>"; };
		FE126BF42A6C56BF008C3DB5 /* TutorialView.swift */ = {isa = PBXFileReference; lastKnownFileType = sourcecode.swift; path = TutorialView.swift; sourceTree = "<group>"; };
		FE126BF72A6CE45D008C3DB5 /* RenameView.swift */ = {isa = PBXFileReference; lastKnownFileType = sourcecode.swift; path = RenameView.swift; sourceTree = "<group>"; };
		FE126BF92A6CE72F008C3DB5 /* DeleteView.swift */ = {isa = PBXFileReference; lastKnownFileType = sourcecode.swift; path = DeleteView.swift; sourceTree = "<group>"; };
		FE126BFB2A6D0CAD008C3DB5 /* WallpaperDetailView.swift */ = {isa = PBXFileReference; lastKnownFileType = sourcecode.swift; path = WallpaperDetailView.swift; sourceTree = "<group>"; };
		FE1DDACD2AF3D83E00B1498C /* libswresample.xcframework */ = {isa = PBXFileReference; lastKnownFileType = wrapper.xcframework; name = libswresample.xcframework; path = "../../Downloads/ffmpeg-kit-full-4.5.1-ios-xcframework/libswresample.xcframework"; sourceTree = "<group>"; };
		FE1DDACE2AF3D83E00B1498C /* libavcodec.xcframework */ = {isa = PBXFileReference; lastKnownFileType = wrapper.xcframework; name = libavcodec.xcframework; path = "../../Downloads/ffmpeg-kit-full-4.5.1-ios-xcframework/libavcodec.xcframework"; sourceTree = "<group>"; };
		FE1DDACF2AF3D83F00B1498C /* libswscale.xcframework */ = {isa = PBXFileReference; lastKnownFileType = wrapper.xcframework; name = libswscale.xcframework; path = "../../Downloads/ffmpeg-kit-full-4.5.1-ios-xcframework/libswscale.xcframework"; sourceTree = "<group>"; };
		FE1DDAD02AF3D83F00B1498C /* libavdevice.xcframework */ = {isa = PBXFileReference; lastKnownFileType = wrapper.xcframework; name = libavdevice.xcframework; path = "../../Downloads/ffmpeg-kit-full-4.5.1-ios-xcframework/libavdevice.xcframework"; sourceTree = "<group>"; };
		FE1DDAD12AF3D83F00B1498C /* libavutil.xcframework */ = {isa = PBXFileReference; lastKnownFileType = wrapper.xcframework; name = libavutil.xcframework; path = "../../Downloads/ffmpeg-kit-full-4.5.1-ios-xcframework/libavutil.xcframework"; sourceTree = "<group>"; };
		FE1DDAD22AF3D83F00B1498C /* libavformat.xcframework */ = {isa = PBXFileReference; lastKnownFileType = wrapper.xcframework; name = libavformat.xcframework; path = "../../Downloads/ffmpeg-kit-full-4.5.1-ios-xcframework/libavformat.xcframework"; sourceTree = "<group>"; };
		FE1DDAD32AF3D83F00B1498C /* libavfilter.xcframework */ = {isa = PBXFileReference; lastKnownFileType = wrapper.xcframework; name = libavfilter.xcframework; path = "../../Downloads/ffmpeg-kit-full-4.5.1-ios-xcframework/libavfilter.xcframework"; sourceTree = "<group>"; };
		FE1DDAD42AF3D83F00B1498C /* ffmpegkit.xcframework */ = {isa = PBXFileReference; lastKnownFileType = wrapper.xcframework; name = ffmpegkit.xcframework; path = "../../Downloads/ffmpeg-kit-full-4.5.1-ios-xcframework/ffmpegkit.xcframework"; sourceTree = "<group>"; };
		FE3B7A2D2A477978006100C7 /* AudioCutterView.swift */ = {isa = PBXFileReference; lastKnownFileType = sourcecode.swift; path = AudioCutterView.swift; sourceTree = "<group>"; };
		FE3B7A2F2A48A363006100C7 /* SaveRingtoneView.swift */ = {isa = PBXFileReference; lastKnownFileType = sourcecode.swift; path = SaveRingtoneView.swift; sourceTree = "<group>"; };
		FE3B7A312A48A6B8006100C7 /* LiveWallpaperCutterView.swift */ = {isa = PBXFileReference; lastKnownFileType = sourcecode.swift; path = LiveWallpaperCutterView.swift; sourceTree = "<group>"; };
		FE3B7A332A48A6EC006100C7 /* NoFillButtonView.swift */ = {isa = PBXFileReference; lastKnownFileType = sourcecode.swift; path = NoFillButtonView.swift; sourceTree = "<group>"; };
		FE3B7A352A48A70D006100C7 /* FillButtonView.swift */ = {isa = PBXFileReference; lastKnownFileType = sourcecode.swift; path = FillButtonView.swift; sourceTree = "<group>"; };
		FE3B7A372A48A9B0006100C7 /* SavingView.swift */ = {isa = PBXFileReference; lastKnownFileType = sourcecode.swift; path = SavingView.swift; sourceTree = "<group>"; };
		FE3B7A392A48B8E5006100C7 /* PremiumPlanView.swift */ = {isa = PBXFileReference; lastKnownFileType = sourcecode.swift; path = PremiumPlanView.swift; sourceTree = "<group>"; };
		FE42C3072A76B6FF0079CEEB /* AudioContext.swift */ = {isa = PBXFileReference; lastKnownFileType = sourcecode.swift; path = AudioContext.swift; sourceTree = "<group>"; };
		FE4FEA292A38CF7C00007166 /* RingtoneForest.app */ = {isa = PBXFileReference; explicitFileType = wrapper.application; includeInIndex = 0; path = RingtoneForest.app; sourceTree = BUILT_PRODUCTS_DIR; };
		FE4FEA2C2A38CF7C00007166 /* RingtoneForestApp.swift */ = {isa = PBXFileReference; lastKnownFileType = sourcecode.swift; path = RingtoneForestApp.swift; sourceTree = "<group>"; };
		FE4FEA2E2A38CF7C00007166 /* ContentView.swift */ = {isa = PBXFileReference; lastKnownFileType = sourcecode.swift; path = ContentView.swift; sourceTree = "<group>"; };
		FE4FEA302A38CF7D00007166 /* Assets.xcassets */ = {isa = PBXFileReference; lastKnownFileType = folder.assetcatalog; path = Assets.xcassets; sourceTree = "<group>"; };
		FE4FEA332A38CF7D00007166 /* Preview Assets.xcassets */ = {isa = PBXFileReference; lastKnownFileType = folder.assetcatalog; path = "Preview Assets.xcassets"; sourceTree = "<group>"; };
		FE4FEA3C2A38D08A00007166 /* TabBarView.swift */ = {isa = PBXFileReference; lastKnownFileType = sourcecode.swift; path = TabBarView.swift; sourceTree = "<group>"; };
		FE4FEA402A38D0F900007166 /* EnvValueExt.swift */ = {isa = PBXFileReference; lastKnownFileType = sourcecode.swift; path = EnvValueExt.swift; sourceTree = "<group>"; };
		FE4FEA422A38D1C800007166 /* HeaderView.swift */ = {isa = PBXFileReference; lastKnownFileType = sourcecode.swift; path = HeaderView.swift; sourceTree = "<group>"; };
		FE4FEA472A38D2AD00007166 /* Localizable.strings */ = {isa = PBXFileReference; lastKnownFileType = text.plist.strings; path = Localizable.strings; sourceTree = "<group>"; };
		FE4FEA492A38D2F600007166 /* Assets.swift */ = {isa = PBXFileReference; fileEncoding = 4; lastKnownFileType = sourcecode.swift; path = Assets.swift; sourceTree = "<group>"; };
		FE4FEA4A2A38D2F600007166 /* L10n.swift */ = {isa = PBXFileReference; fileEncoding = 4; lastKnownFileType = sourcecode.swift; path = L10n.swift; sourceTree = "<group>"; };
		FE7AD0FE2AB0418000680CF1 /* CoreDataStack.swift */ = {isa = PBXFileReference; lastKnownFileType = sourcecode.swift; path = CoreDataStack.swift; sourceTree = "<group>"; };
		FE7AD1012AB0444600680CF1 /* CTone.xcdatamodel */ = {isa = PBXFileReference; lastKnownFileType = wrapper.xcdatamodel; path = CTone.xcdatamodel; sourceTree = "<group>"; };
		FE7AD1042AB0450400680CF1 /* ProductStore.xcdatamodel */ = {isa = PBXFileReference; lastKnownFileType = wrapper.xcdatamodel; path = ProductStore.xcdatamodel; sourceTree = "<group>"; };
		FE7AD1072AB0455C00680CF1 /* Wallpaper.xcdatamodel */ = {isa = PBXFileReference; lastKnownFileType = wrapper.xcdatamodel; path = Wallpaper.xcdatamodel; sourceTree = "<group>"; };
		FE7AD10D2AB046D500680CF1 /* ToneCacheCD.swift */ = {isa = PBXFileReference; lastKnownFileType = sourcecode.swift; path = ToneCacheCD.swift; sourceTree = "<group>"; };
		FE7AD10F2AB04A8500680CF1 /* MyTone.swift */ = {isa = PBXFileReference; lastKnownFileType = sourcecode.swift; path = MyTone.swift; sourceTree = "<group>"; };
		FE7AD1152AB04D9700680CF1 /* ProductStore+CoreDataClass.swift */ = {isa = PBXFileReference; lastKnownFileType = sourcecode.swift; path = "ProductStore+CoreDataClass.swift"; sourceTree = "<group>"; };
		FE7AD1162AB04D9700680CF1 /* ProductStore+CoreDataProperties.swift */ = {isa = PBXFileReference; lastKnownFileType = sourcecode.swift; path = "ProductStore+CoreDataProperties.swift"; sourceTree = "<group>"; };
		FE7AD1192AB04DAB00680CF1 /* ProductStoreCacheCD.swift */ = {isa = PBXFileReference; lastKnownFileType = sourcecode.swift; path = ProductStoreCacheCD.swift; sourceTree = "<group>"; };
		FE7AD11B2AB04E6900680CF1 /* Package.swift */ = {isa = PBXFileReference; lastKnownFileType = sourcecode.swift; path = Package.swift; sourceTree = "<group>"; };
		FE7AD11D2AB050BE00680CF1 /* DateExt.swift */ = {isa = PBXFileReference; lastKnownFileType = sourcecode.swift; path = DateExt.swift; sourceTree = "<group>"; };
		FE7AD11F2AB066C300680CF1 /* CompactTextField.swift */ = {isa = PBXFileReference; lastKnownFileType = sourcecode.swift; path = CompactTextField.swift; sourceTree = "<group>"; };
		FE7AD1212AB06BAE00680CF1 /* NSNotification.swift */ = {isa = PBXFileReference; lastKnownFileType = sourcecode.swift; path = NSNotification.swift; sourceTree = "<group>"; };
		FE7AD1232AB0757E00680CF1 /* GarageBandConverter.swift */ = {isa = PBXFileReference; lastKnownFileType = sourcecode.swift; path = GarageBandConverter.swift; sourceTree = "<group>"; };
		FE7AD1252AB075D800680CF1 /* projectData */ = {isa = PBXFileReference; fileEncoding = 4; lastKnownFileType = text.xml; path = projectData; sourceTree = "<group>"; };
		FE7AD1272AB15F1900680CF1 /* CTone+CoreDataClass.swift */ = {isa = PBXFileReference; lastKnownFileType = sourcecode.swift; path = "CTone+CoreDataClass.swift"; sourceTree = "<group>"; };
		FE7AD1282AB15F1900680CF1 /* CTone+CoreDataProperties.swift */ = {isa = PBXFileReference; lastKnownFileType = sourcecode.swift; path = "CTone+CoreDataProperties.swift"; sourceTree = "<group>"; };
		FE7AD12B2AB1733300680CF1 /* APICall.swift */ = {isa = PBXFileReference; lastKnownFileType = sourcecode.swift; path = APICall.swift; sourceTree = "<group>"; };
		FE7AD12D2AB174E900680CF1 /* WebRepository.swift */ = {isa = PBXFileReference; lastKnownFileType = sourcecode.swift; path = WebRepository.swift; sourceTree = "<group>"; };
		FE7AD12F2AB1751C00680CF1 /* TokenLDS.swift */ = {isa = PBXFileReference; lastKnownFileType = sourcecode.swift; path = TokenLDS.swift; sourceTree = "<group>"; };
		FE7AD1312AB1767100680CF1 /* Token.swift */ = {isa = PBXFileReference; lastKnownFileType = sourcecode.swift; path = Token.swift; sourceTree = "<group>"; };
		FE7AD1332AB1776D00680CF1 /* WallpaperRDS.swift */ = {isa = PBXFileReference; lastKnownFileType = sourcecode.swift; path = WallpaperRDS.swift; sourceTree = "<group>"; };
		FE7AD1352AB1786000680CF1 /* WallpaperCategories.swift */ = {isa = PBXFileReference; lastKnownFileType = sourcecode.swift; path = WallpaperCategories.swift; sourceTree = "<group>"; };
		FE7AD13E2AB17B7700680CF1 /* Container+Dependencies.swift */ = {isa = PBXFileReference; lastKnownFileType = sourcecode.swift; path = "Container+Dependencies.swift"; sourceTree = "<group>"; };
		FE7AD1402AB17D9300680CF1 /* WallpaperViewModel.swift */ = {isa = PBXFileReference; lastKnownFileType = sourcecode.swift; path = WallpaperViewModel.swift; sourceTree = "<group>"; };
		FE7AD1492AB1957300680CF1 /* Info.plist */ = {isa = PBXFileReference; lastKnownFileType = text.plist; path = Info.plist; sourceTree = "<group>"; };
		FE7AD14A2AB19B0700680CF1 /* WallpaperVideoPlayer.swift */ = {isa = PBXFileReference; lastKnownFileType = sourcecode.swift; path = WallpaperVideoPlayer.swift; sourceTree = "<group>"; };
		FE7AD14C2AB19BC300680CF1 /* VLCPlayerView.swift */ = {isa = PBXFileReference; lastKnownFileType = sourcecode.swift; path = VLCPlayerView.swift; sourceTree = "<group>"; };
		FE7AD14E2AB1A13D00680CF1 /* LivePhoto.swift */ = {isa = PBXFileReference; lastKnownFileType = sourcecode.swift; path = LivePhoto.swift; sourceTree = "<group>"; };
		FE7AD1502AB1AC0900680CF1 /* VideoExtractorView.swift */ = {isa = PBXFileReference; lastKnownFileType = sourcecode.swift; path = VideoExtractorView.swift; sourceTree = "<group>"; };
		FE7AD1522AB1B4D600680CF1 /* PHAssetExt.swift */ = {isa = PBXFileReference; lastKnownFileType = sourcecode.swift; path = PHAssetExt.swift; sourceTree = "<group>"; };
		FE7AD1542AB1C3B700680CF1 /* AVPlayerItemExt.swift */ = {isa = PBXFileReference; lastKnownFileType = sourcecode.swift; path = AVPlayerItemExt.swift; sourceTree = "<group>"; };
		FE90C6162AEAC2A20044A066 /* WebView.swift */ = {isa = PBXFileReference; lastKnownFileType = sourcecode.swift; path = WebView.swift; sourceTree = "<group>"; };
		FEC6F51F2AAF9850005F23F9 /* FancyToast.swift */ = {isa = PBXFileReference; lastKnownFileType = sourcecode.swift; path = FancyToast.swift; sourceTree = "<group>"; };
		FEC6F5212AAF9902005F23F9 /* ToastView.swift */ = {isa = PBXFileReference; lastKnownFileType = sourcecode.swift; path = ToastView.swift; sourceTree = "<group>"; };
		FEC6F5232AAF995D005F23F9 /* ToastModifier.swift */ = {isa = PBXFileReference; lastKnownFileType = sourcecode.swift; path = ToastModifier.swift; sourceTree = "<group>"; };
		FEC6F5252AAF9A4B005F23F9 /* ViewExt.swift */ = {isa = PBXFileReference; lastKnownFileType = sourcecode.swift; path = ViewExt.swift; sourceTree = "<group>"; };
		FEEAF8A82A961E3B0080DCE8 /* RingtoneExtractor.swift */ = {isa = PBXFileReference; lastKnownFileType = sourcecode.swift; path = RingtoneExtractor.swift; sourceTree = "<group>"; };
		FEF66D7A2A42C0C800CE5525 /* ActivityViewController.swift */ = {isa = PBXFileReference; lastKnownFileType = sourcecode.swift; path = ActivityViewController.swift; sourceTree = "<group>"; };
		FEF66D7C2A42C7F800CE5525 /* Colors.xcassets */ = {isa = PBXFileReference; lastKnownFileType = folder.assetcatalog; path = Colors.xcassets; sourceTree = "<group>"; };
		FEF66D7F2A43007100CE5525 /* MakerView.swift */ = {isa = PBXFileReference; lastKnownFileType = sourcecode.swift; path = MakerView.swift; sourceTree = "<group>"; };
		FEF66D822A43008400CE5525 /* MyTonesView.swift */ = {isa = PBXFileReference; lastKnownFileType = sourcecode.swift; path = MyTonesView.swift; sourceTree = "<group>"; };
		FEF66D852A43009700CE5525 /* SettingsView.swift */ = {isa = PBXFileReference; lastKnownFileType = sourcecode.swift; path = SettingsView.swift; sourceTree = "<group>"; };
		FEF66D882A4300AF00CE5525 /* WallpaperView.swift */ = {isa = PBXFileReference; lastKnownFileType = sourcecode.swift; path = WallpaperView.swift; sourceTree = "<group>"; };
		FEF66D8A2A44612600CE5525 /* Constant.swift */ = {isa = PBXFileReference; lastKnownFileType = sourcecode.swift; path = Constant.swift; sourceTree = "<group>"; };
		FEF66D8C2A446F0D00CE5525 /* TextModifier.swift */ = {isa = PBXFileReference; lastKnownFileType = sourcecode.swift; path = TextModifier.swift; sourceTree = "<group>"; };
		FEF66D8E2A454C8B00CE5525 /* VideoView.swift */ = {isa = PBXFileReference; lastKnownFileType = sourcecode.swift; path = VideoView.swift; sourceTree = "<group>"; };
		FEF66D932A45C4BD00CE5525 /* VideosAsset.swift */ = {isa = PBXFileReference; lastKnownFileType = sourcecode.swift; path = VideosAsset.swift; sourceTree = "<group>"; };
		FEF66D962A45C72000CE5525 /* RecordAudioView.swift */ = {isa = PBXFileReference; lastKnownFileType = sourcecode.swift; path = RecordAudioView.swift; sourceTree = "<group>"; };
		FEF91FB72A776987008A22A3 /* LoadingView.swift */ = {isa = PBXFileReference; lastKnownFileType = sourcecode.swift; path = LoadingView.swift; sourceTree = "<group>"; };
		FEF91FB92A776C65008A22A3 /* sample.mp3 */ = {isa = PBXFileReference; lastKnownFileType = audio.mp3; path = sample.mp3; sourceTree = "<group>"; };
		FEF91FBB2A77B7F6008A22A3 /* DoubleExt.swift */ = {isa = PBXFileReference; lastKnownFileType = sourcecode.swift; path = DoubleExt.swift; sourceTree = "<group>"; };
		FEF91FBD2A77B871008A22A3 /* StringExt.swift */ = {isa = PBXFileReference; lastKnownFileType = sourcecode.swift; path = StringExt.swift; sourceTree = "<group>"; };
		FEF91FBF2A77BBA9008A22A3 /* ScrollViewOffset.swift */ = {isa = PBXFileReference; lastKnownFileType = sourcecode.swift; path = ScrollViewOffset.swift; sourceTree = "<group>"; };
/* End PBXFileReference section */

/* Begin PBXFrameworksBuildPhase section */
		FE4FEA262A38CF7C00007166 /* Frameworks */ = {
			isa = PBXFrameworksBuildPhase;
			buildActionMask = 2147483647;
			files = (
				FE1DDAD92AF3D84000B1498C /* libswscale.xcframework in Frameworks */,
				FE1DDADF2AF3D84100B1498C /* libavformat.xcframework in Frameworks */,
				FEF91FC32A77BD67008A22A3 /* SwiftUIIntrospect in Frameworks */,
				FE1DDAE12AF3D84100B1498C /* libavfilter.xcframework in Frameworks */,
				FE1DDAD72AF3D84000B1498C /* libavcodec.xcframework in Frameworks */,
				FE1DDAD52AF3D84000B1498C /* libswresample.xcframework in Frameworks */,
				FE1DDADB2AF3D84000B1498C /* libavdevice.xcframework in Frameworks */,
				FE90C61A2AEAC72A0044A066 /* SwiftyStoreKit in Frameworks */,
				FE7AD1392AB17B1400680CF1 /* Swinject in Frameworks */,
				FE1DDAE32AF3D84100B1498C /* ffmpegkit.xcframework in Frameworks */,
				FE7AD13C2AB17B2600680CF1 /* SwinjectAutoregistration in Frameworks */,
				FE7AD1482AB1809900680CF1 /* NukeUI in Frameworks */,
				FE7AD1442AB1809900680CF1 /* Nuke in Frameworks */,
				FE1DDADD2AF3D84000B1498C /* libavutil.xcframework in Frameworks */,
				FE7AD1462AB1809900680CF1 /* NukeExtensions in Frameworks */,
				778E748C8EF82898707458C1 /* Pods_RingtoneForest.framework in Frameworks */,
			);
			runOnlyForDeploymentPostprocessing = 0;
		};
/* End PBXFrameworksBuildPhase section */

/* Begin PBXGroup section */
		1AA82EEB0FC1B29A6F9C8481 /* Frameworks */ = {
			isa = PBXGroup;
			children = (
				FE1DDAD42AF3D83F00B1498C /* ffmpegkit.xcframework */,
				FE1DDACE2AF3D83E00B1498C /* libavcodec.xcframework */,
				FE1DDAD02AF3D83F00B1498C /* libavdevice.xcframework */,
				FE1DDAD32AF3D83F00B1498C /* libavfilter.xcframework */,
				FE1DDAD22AF3D83F00B1498C /* libavformat.xcframework */,
				FE1DDAD12AF3D83F00B1498C /* libavutil.xcframework */,
				FE1DDACD2AF3D83E00B1498C /* libswresample.xcframework */,
				FE1DDACF2AF3D83F00B1498C /* libswscale.xcframework */,
				280F1B3F0DAA41867146FD65 /* Pods_RingtoneForest.framework */,
			);
			name = Frameworks;
			sourceTree = "<group>";
		};
		5CC04AE8D91CC6B1D0776396 /* Pods */ = {
			isa = PBXGroup;
			children = (
				063EA2AFFF1F6039E9855271 /* Pods-RingtoneForest.debug.xcconfig */,
				46285DA7EE2760F7B5EAE06A /* Pods-RingtoneForest.release.xcconfig */,
			);
			path = Pods;
			sourceTree = "<group>";
		};
		FE126BF32A6C56A4008C3DB5 /* Tutorial */ = {
			isa = PBXGroup;
			children = (
				FE126BF42A6C56BF008C3DB5 /* TutorialView.swift */,
			);
			path = Tutorial;
			sourceTree = "<group>";
		};
		FE126BF62A6CE454008C3DB5 /* Subviews */ = {
			isa = PBXGroup;
			children = (
				FE126BF72A6CE45D008C3DB5 /* RenameView.swift */,
				FE126BF92A6CE72F008C3DB5 /* DeleteView.swift */,
			);
			path = Subviews;
			sourceTree = "<group>";
		};
		FE42C3062A76B6F50079CEEB /* Helpers */ = {
			isa = PBXGroup;
			children = (
				FE42C3072A76B6FF0079CEEB /* AudioContext.swift */,
				FE7AD1232AB0757E00680CF1 /* GarageBandConverter.swift */,
				FEEAF8A82A961E3B0080DCE8 /* RingtoneExtractor.swift */,
			);
			path = Helpers;
			sourceTree = "<group>";
		};
		FE4FEA202A38CF7C00007166 = {
			isa = PBXGroup;
			children = (
				FE4FEA2B2A38CF7C00007166 /* RingtoneForest */,
				FE4FEA2A2A38CF7C00007166 /* Products */,
				5CC04AE8D91CC6B1D0776396 /* Pods */,
				1AA82EEB0FC1B29A6F9C8481 /* Frameworks */,
			);
			sourceTree = "<group>";
		};
		FE4FEA2A2A38CF7C00007166 /* Products */ = {
			isa = PBXGroup;
			children = (
				FE4FEA292A38CF7C00007166 /* RingtoneForest.app */,
			);
			name = Products;
			sourceTree = "<group>";
		};
		FE4FEA2B2A38CF7C00007166 /* RingtoneForest */ = {
			isa = PBXGroup;
			children = (
				FE7AD1492AB1957300680CF1 /* Info.plist */,
				FE7AD13D2AB17B4000680CF1 /* Injected */,
				FE7AD0F92AB0413600680CF1 /* CoreData */,
				FEF66D922A45C4B000CE5525 /* Models */,
				FE4FEA2C2A38CF7C00007166 /* RingtoneForestApp.swift */,
				FEF66D772A42C09600CE5525 /* Commons */,
				FE4FEA442A38D28700007166 /* Resources */,
				FE4FEA3A2A38D06D00007166 /* Scenes */,
				FE4FEA2E2A38CF7C00007166 /* ContentView.swift */,
				FE4FEA322A38CF7D00007166 /* Preview Content */,
			);
			path = RingtoneForest;
			sourceTree = "<group>";
		};
		FE4FEA322A38CF7D00007166 /* Preview Content */ = {
			isa = PBXGroup;
			children = (
				FE4FEA332A38CF7D00007166 /* Preview Assets.xcassets */,
			);
			path = "Preview Content";
			sourceTree = "<group>";
		};
		FE4FEA3A2A38D06D00007166 /* Scenes */ = {
			isa = PBXGroup;
			children = (
				FE126BF32A6C56A4008C3DB5 /* Tutorial */,
				FEF66D872A43009A00CE5525 /* Wallpaper */,
				FEF66D842A43008700CE5525 /* Settings */,
				FEF66D812A43007800CE5525 /* My Tones */,
				FEF66D7E2A43005F00CE5525 /* Maker */,
				FEF66D792A42C0B300CE5525 /* ReuseViews */,
				FE4FEA3B2A38D07900007166 /* TabBar */,
			);
			path = Scenes;
			sourceTree = "<group>";
		};
		FE4FEA3B2A38D07900007166 /* TabBar */ = {
			isa = PBXGroup;
			children = (
				FE4FEA3C2A38D08A00007166 /* TabBarView.swift */,
				FE4FEA422A38D1C800007166 /* HeaderView.swift */,
			);
			name = TabBar;
			path = "TabBả";
			sourceTree = "<group>";
		};
		FE4FEA442A38D28700007166 /* Resources */ = {
			isa = PBXGroup;
			children = (
				FEF91FB92A776C65008A22A3 /* sample.mp3 */,
				FE4FEA302A38CF7D00007166 /* Assets.xcassets */,
				FE4FEA492A38D2F600007166 /* Assets.swift */,
				FE7AD1252AB075D800680CF1 /* projectData */,
				FE4FEA4A2A38D2F600007166 /* L10n.swift */,
				FEF66D7C2A42C7F800CE5525 /* Colors.xcassets */,
				FE4FEA472A38D2AD00007166 /* Localizable.strings */,
			);
			path = Resources;
			sourceTree = "<group>";
		};
		FE7AD0F92AB0413600680CF1 /* CoreData */ = {
			isa = PBXGroup;
			children = (
				FE7AD0FD2AB0416E00680CF1 /* Wallpapers */,
				FE7AD0FC2AB0416000680CF1 /* Tones */,
				FE7AD0FA2AB0414200680CF1 /* Purchase */,
				FE7AD0FE2AB0418000680CF1 /* CoreDataStack.swift */,
			);
			path = CoreData;
			sourceTree = "<group>";
		};
		FE7AD0FA2AB0414200680CF1 /* Purchase */ = {
			isa = PBXGroup;
			children = (
				FE7AD1152AB04D9700680CF1 /* ProductStore+CoreDataClass.swift */,
				FE7AD1162AB04D9700680CF1 /* ProductStore+CoreDataProperties.swift */,
				FE7AD1192AB04DAB00680CF1 /* ProductStoreCacheCD.swift */,
				FE7AD1032AB0450400680CF1 /* ProductStore.xcdatamodeld */,
			);
			path = Purchase;
			sourceTree = "<group>";
		};
		FE7AD0FC2AB0416000680CF1 /* Tones */ = {
			isa = PBXGroup;
			children = (
				FE7AD1002AB0444600680CF1 /* Tone.xcdatamodeld */,
				FE7AD1272AB15F1900680CF1 /* CTone+CoreDataClass.swift */,
				FE7AD1282AB15F1900680CF1 /* CTone+CoreDataProperties.swift */,
				FE7AD10D2AB046D500680CF1 /* ToneCacheCD.swift */,
			);
			path = Tones;
			sourceTree = "<group>";
		};
		FE7AD0FD2AB0416E00680CF1 /* Wallpapers */ = {
			isa = PBXGroup;
			children = (
				FE7AD1062AB0455C00680CF1 /* Wallpaper.xcdatamodeld */,
			);
			path = Wallpapers;
			sourceTree = "<group>";
		};
		FE7AD13D2AB17B4000680CF1 /* Injected */ = {
			isa = PBXGroup;
			children = (
				FE7AD13E2AB17B7700680CF1 /* Container+Dependencies.swift */,
			);
			path = Injected;
			sourceTree = "<group>";
		};
		FEC6F51E2AAF9839005F23F9 /* ToastView */ = {
			isa = PBXGroup;
			children = (
				FEC6F51F2AAF9850005F23F9 /* FancyToast.swift */,
				FEC6F5212AAF9902005F23F9 /* ToastView.swift */,
				FEC6F5232AAF995D005F23F9 /* ToastModifier.swift */,
			);
			path = ToastView;
			sourceTree = "<group>";
		};
		FEF66D772A42C09600CE5525 /* Commons */ = {
			isa = PBXGroup;
			children = (
				FE42C3062A76B6F50079CEEB /* Helpers */,
				FEF66D782A42C09F00CE5525 /* Extensions */,
				FEF66D8A2A44612600CE5525 /* Constant.swift */,
				FE7AD12B2AB1733300680CF1 /* APICall.swift */,
				FE7AD14E2AB1A13D00680CF1 /* LivePhoto.swift */,
				FE7AD1332AB1776D00680CF1 /* WallpaperRDS.swift */,
				FE7AD12F2AB1751C00680CF1 /* TokenLDS.swift */,
				FE7AD12D2AB174E900680CF1 /* WebRepository.swift */,
			);
			path = Commons;
			sourceTree = "<group>";
		};
		FEF66D782A42C09F00CE5525 /* Extensions */ = {
			isa = PBXGroup;
			children = (
				FE4FEA402A38D0F900007166 /* EnvValueExt.swift */,
				FEF91FBB2A77B7F6008A22A3 /* DoubleExt.swift */,
				FE7AD1212AB06BAE00680CF1 /* NSNotification.swift */,
				FE7AD1542AB1C3B700680CF1 /* AVPlayerItemExt.swift */,
				FE7AD1522AB1B4D600680CF1 /* PHAssetExt.swift */,
				FE7AD11D2AB050BE00680CF1 /* DateExt.swift */,
				FEC6F5252AAF9A4B005F23F9 /* ViewExt.swift */,
				FEF91FBD2A77B871008A22A3 /* StringExt.swift */,
			);
			path = Extensions;
			sourceTree = "<group>";
		};
		FEF66D792A42C0B300CE5525 /* ReuseViews */ = {
			isa = PBXGroup;
			children = (
				FEF66D7A2A42C0C800CE5525 /* ActivityViewController.swift */,
				FE3B7A332A48A6EC006100C7 /* NoFillButtonView.swift */,
				FE3B7A352A48A70D006100C7 /* FillButtonView.swift */,
				FE7AD11F2AB066C300680CF1 /* CompactTextField.swift */,
				FEF91FBF2A77BBA9008A22A3 /* ScrollViewOffset.swift */,
				FEC6F51E2AAF9839005F23F9 /* ToastView */,
				FEF66D8C2A446F0D00CE5525 /* TextModifier.swift */,
				FEF91FB72A776987008A22A3 /* LoadingView.swift */,
			);
			path = ReuseViews;
			sourceTree = "<group>";
		};
		FEF66D7E2A43005F00CE5525 /* Maker */ = {
			isa = PBXGroup;
			children = (
				FEF66D7F2A43007100CE5525 /* MakerView.swift */,
				FEF66D952A45C70F00CE5525 /* Subviews */,
			);
			path = Maker;
			sourceTree = "<group>";
		};
		FEF66D812A43007800CE5525 /* My Tones */ = {
			isa = PBXGroup;
			children = (
				FEF66D822A43008400CE5525 /* MyTonesView.swift */,
				FE126BF62A6CE454008C3DB5 /* Subviews */,
			);
			path = "My Tones";
			sourceTree = "<group>";
		};
		FEF66D842A43008700CE5525 /* Settings */ = {
			isa = PBXGroup;
			children = (
				FEF66D852A43009700CE5525 /* SettingsView.swift */,
				FE3B7A392A48B8E5006100C7 /* PremiumPlanView.swift */,
				FE90C6162AEAC2A20044A066 /* WebView.swift */,
			);
			path = Settings;
			sourceTree = "<group>";
		};
		FEF66D872A43009A00CE5525 /* Wallpaper */ = {
			isa = PBXGroup;
			children = (
				FEF66D882A4300AF00CE5525 /* WallpaperView.swift */,
				FE7AD14C2AB19BC300680CF1 /* VLCPlayerView.swift */,
				FE126BFB2A6D0CAD008C3DB5 /* WallpaperDetailView.swift */,
				FE7AD1402AB17D9300680CF1 /* WallpaperViewModel.swift */,
				FE7AD14A2AB19B0700680CF1 /* WallpaperVideoPlayer.swift */,
			);
			path = Wallpaper;
			sourceTree = "<group>";
		};
		FEF66D922A45C4B000CE5525 /* Models */ = {
			isa = PBXGroup;
			children = (
				FEF66D932A45C4BD00CE5525 /* VideosAsset.swift */,
				FE7AD11B2AB04E6900680CF1 /* Package.swift */,
				FE7AD1312AB1767100680CF1 /* Token.swift */,
				FE7AD1352AB1786000680CF1 /* WallpaperCategories.swift */,
				FE7AD10F2AB04A8500680CF1 /* MyTone.swift */,
			);
			path = Models;
			sourceTree = "<group>";
		};
		FEF66D952A45C70F00CE5525 /* Subviews */ = {
			isa = PBXGroup;
			children = (
				FEF66D8E2A454C8B00CE5525 /* VideoView.swift */,
				FE7AD1502AB1AC0900680CF1 /* VideoExtractorView.swift */,
				FEF66D962A45C72000CE5525 /* RecordAudioView.swift */,
				FE3B7A2D2A477978006100C7 /* AudioCutterView.swift */,
				FE3B7A2F2A48A363006100C7 /* SaveRingtoneView.swift */,
				FE3B7A312A48A6B8006100C7 /* LiveWallpaperCutterView.swift */,
				FE3B7A372A48A9B0006100C7 /* SavingView.swift */,
			);
			path = Subviews;
			sourceTree = "<group>";
		};
/* End PBXGroup section */

/* Begin PBXNativeTarget section */
		FE4FEA282A38CF7C00007166 /* RingtoneForest */ = {
			isa = PBXNativeTarget;
			buildConfigurationList = FE4FEA372A38CF7D00007166 /* Build configuration list for PBXNativeTarget "RingtoneForest" */;
			buildPhases = (
				C91F127C254B8F690044BCD4 /* [CP] Check Pods Manifest.lock */,
				FE4FEA252A38CF7C00007166 /* Sources */,
				FE4FEA262A38CF7C00007166 /* Frameworks */,
				FE4FEA272A38CF7C00007166 /* Resources */,
				ABCACAFFA0AD51122DF38287 /* [CP] Embed Pods Frameworks */,
				FE1DDAE52AF3D84100B1498C /* Embed Frameworks */,
			);
			buildRules = (
			);
			dependencies = (
			);
			name = RingtoneForest;
			packageProductDependencies = (
				FEF91FC22A77BD67008A22A3 /* SwiftUIIntrospect */,
				FE7AD1382AB17B1400680CF1 /* Swinject */,
				FE7AD13B2AB17B2600680CF1 /* SwinjectAutoregistration */,
				FE7AD1432AB1809900680CF1 /* Nuke */,
				FE7AD1452AB1809900680CF1 /* NukeExtensions */,
				FE7AD1472AB1809900680CF1 /* NukeUI */,
				FE90C6192AEAC72A0044A066 /* SwiftyStoreKit */,
			);
			productName = RingtoneForest;
			productReference = FE4FEA292A38CF7C00007166 /* RingtoneForest.app */;
			productType = "com.apple.product-type.application";
		};
/* End PBXNativeTarget section */

/* Begin PBXProject section */
		FE4FEA212A38CF7C00007166 /* Project object */ = {
			isa = PBXProject;
			attributes = {
				BuildIndependentTargetsInParallel = 1;
				LastSwiftUpdateCheck = 1430;
				LastUpgradeCheck = 1430;
				TargetAttributes = {
					FE4FEA282A38CF7C00007166 = {
						CreatedOnToolsVersion = 14.3;
					};
				};
			};
			buildConfigurationList = FE4FEA242A38CF7C00007166 /* Build configuration list for PBXProject "RingtoneForest" */;
			compatibilityVersion = "Xcode 14.0";
			developmentRegion = en;
			hasScannedForEncodings = 0;
			knownRegions = (
				en,
				Base,
			);
			mainGroup = FE4FEA202A38CF7C00007166;
			packageReferences = (
				FEF91FC12A77BD67008A22A3 /* XCRemoteSwiftPackageReference "swiftui-introspect" */,
				FE7AD1372AB17B1400680CF1 /* XCRemoteSwiftPackageReference "Swinject" */,
				FE7AD13A2AB17B2600680CF1 /* XCRemoteSwiftPackageReference "SwinjectAutoregistration" */,
				FE7AD1422AB1809900680CF1 /* XCRemoteSwiftPackageReference "Nuke" */,
				FE90C6182AEAC72A0044A066 /* XCRemoteSwiftPackageReference "SwiftyStoreKit" */,
			);
			productRefGroup = FE4FEA2A2A38CF7C00007166 /* Products */;
			projectDirPath = "";
			projectRoot = "";
			targets = (
				FE4FEA282A38CF7C00007166 /* RingtoneForest */,
			);
		};
/* End PBXProject section */

/* Begin PBXResourcesBuildPhase section */
		FE4FEA272A38CF7C00007166 /* Resources */ = {
			isa = PBXResourcesBuildPhase;
			buildActionMask = 2147483647;
			files = (
				FE4FEA482A38D2AE00007166 /* Localizable.strings in Resources */,
				FEF66D7D2A42C7F800CE5525 /* Colors.xcassets in Resources */,
				FE4FEA342A38CF7D00007166 /* Preview Assets.xcassets in Resources */,
				FE7AD1262AB075D800680CF1 /* projectData in Resources */,
				FEF91FBA2A776C65008A22A3 /* sample.mp3 in Resources */,
				FE4FEA312A38CF7D00007166 /* Assets.xcassets in Resources */,
			);
			runOnlyForDeploymentPostprocessing = 0;
		};
/* End PBXResourcesBuildPhase section */

/* Begin PBXShellScriptBuildPhase section */
		ABCACAFFA0AD51122DF38287 /* [CP] Embed Pods Frameworks */ = {
			isa = PBXShellScriptBuildPhase;
			buildActionMask = 2147483647;
			files = (
			);
			inputFileListPaths = (
				"${PODS_ROOT}/Target Support Files/Pods-RingtoneForest/Pods-RingtoneForest-frameworks-${CONFIGURATION}-input-files.xcfilelist",
			);
			name = "[CP] Embed Pods Frameworks";
			outputFileListPaths = (
				"${PODS_ROOT}/Target Support Files/Pods-RingtoneForest/Pods-RingtoneForest-frameworks-${CONFIGURATION}-output-files.xcfilelist",
			);
			runOnlyForDeploymentPostprocessing = 0;
			shellPath = /bin/sh;
			shellScript = "\"${PODS_ROOT}/Target Support Files/Pods-RingtoneForest/Pods-RingtoneForest-frameworks.sh\"\n";
			showEnvVarsInLog = 0;
		};
		C91F127C254B8F690044BCD4 /* [CP] Check Pods Manifest.lock */ = {
			isa = PBXShellScriptBuildPhase;
			buildActionMask = 2147483647;
			files = (
			);
			inputFileListPaths = (
			);
			inputPaths = (
				"${PODS_PODFILE_DIR_PATH}/Podfile.lock",
				"${PODS_ROOT}/Manifest.lock",
			);
			name = "[CP] Check Pods Manifest.lock";
			outputFileListPaths = (
			);
			outputPaths = (
				"$(DERIVED_FILE_DIR)/Pods-RingtoneForest-checkManifestLockResult.txt",
			);
			runOnlyForDeploymentPostprocessing = 0;
			shellPath = /bin/sh;
			shellScript = "diff \"${PODS_PODFILE_DIR_PATH}/Podfile.lock\" \"${PODS_ROOT}/Manifest.lock\" > /dev/null\nif [ $? != 0 ] ; then\n    # print error to STDERR\n    echo \"error: The sandbox is not in sync with the Podfile.lock. Run 'pod install' or update your CocoaPods installation.\" >&2\n    exit 1\nfi\n# This output is used by Xcode 'outputs' to avoid re-running this script phase.\necho \"SUCCESS\" > \"${SCRIPT_OUTPUT_FILE_0}\"\n";
			showEnvVarsInLog = 0;
		};
/* End PBXShellScriptBuildPhase section */

/* Begin PBXSourcesBuildPhase section */
		FE4FEA252A38CF7C00007166 /* Sources */ = {
			isa = PBXSourcesBuildPhase;
			buildActionMask = 2147483647;
			files = (
				FE3B7A382A48A9B0006100C7 /* SavingView.swift in Sources */,
				FE4FEA432A38D1C800007166 /* HeaderView.swift in Sources */,
				FEF66D892A4300AF00CE5525 /* WallpaperView.swift in Sources */,
				FE4FEA2F2A38CF7C00007166 /* ContentView.swift in Sources */,
				FE7AD1242AB0757E00680CF1 /* GarageBandConverter.swift in Sources */,
				FEF91FBC2A77B7F6008A22A3 /* DoubleExt.swift in Sources */,
				FE3B7A362A48A70D006100C7 /* FillButtonView.swift in Sources */,
				FE7AD0FF2AB0418000680CF1 /* CoreDataStack.swift in Sources */,
				FEC6F5242AAF995D005F23F9 /* ToastModifier.swift in Sources */,
				FE7AD1052AB0450400680CF1 /* ProductStore.xcdatamodeld in Sources */,
				FE7AD1362AB1786000680CF1 /* WallpaperCategories.swift in Sources */,
				FE3B7A3A2A48B8E5006100C7 /* PremiumPlanView.swift in Sources */,
				FE42C3082A76B6FF0079CEEB /* AudioContext.swift in Sources */,
				FE4FEA4B2A38D2F600007166 /* Assets.swift in Sources */,
				FEC6F5202AAF9850005F23F9 /* FancyToast.swift in Sources */,
				FEF66D7B2A42C0C800CE5525 /* ActivityViewController.swift in Sources */,
				FE126BF52A6C56BF008C3DB5 /* TutorialView.swift in Sources */,
				FEF66D8D2A446F0E00CE5525 /* TextModifier.swift in Sources */,
				FE7AD1172AB04D9800680CF1 /* ProductStore+CoreDataClass.swift in Sources */,
				FE7AD1082AB0455C00680CF1 /* Wallpaper.xcdatamodeld in Sources */,
				FE3B7A322A48A6B8006100C7 /* LiveWallpaperCutterView.swift in Sources */,
				FE7AD12E2AB174E900680CF1 /* WebRepository.swift in Sources */,
				FE7AD1222AB06BAE00680CF1 /* NSNotification.swift in Sources */,
				FE3B7A2E2A477978006100C7 /* AudioCutterView.swift in Sources */,
				FE90C6172AEAC2A20044A066 /* WebView.swift in Sources */,
				FE7AD1552AB1C3B700680CF1 /* AVPlayerItemExt.swift in Sources */,
				FE7AD1292AB15F1900680CF1 /* CTone+CoreDataClass.swift in Sources */,
				FEF66D942A45C4BD00CE5525 /* VideosAsset.swift in Sources */,
				FEC6F5222AAF9902005F23F9 /* ToastView.swift in Sources */,
				FE7AD14D2AB19BC300680CF1 /* VLCPlayerView.swift in Sources */,
				FE7AD14F2AB1A13D00680CF1 /* LivePhoto.swift in Sources */,
				FEF66D802A43007100CE5525 /* MakerView.swift in Sources */,
				FE3B7A302A48A363006100C7 /* SaveRingtoneView.swift in Sources */,
				FE7AD1202AB066C300680CF1 /* CompactTextField.swift in Sources */,
				FE4FEA3D2A38D08A00007166 /* TabBarView.swift in Sources */,
				FE7AD1512AB1AC0900680CF1 /* VideoExtractorView.swift in Sources */,
				FE7AD11C2AB04E6900680CF1 /* Package.swift in Sources */,
				FE7AD1342AB1776D00680CF1 /* WallpaperRDS.swift in Sources */,
				FEF91FBE2A77B871008A22A3 /* StringExt.swift in Sources */,
				FEF91FC02A77BBA9008A22A3 /* ScrollViewOffset.swift in Sources */,
				FE7AD13F2AB17B7700680CF1 /* Container+Dependencies.swift in Sources */,
				FEEAF8A92A961E3B0080DCE8 /* RingtoneExtractor.swift in Sources */,
				FE126BF82A6CE45E008C3DB5 /* RenameView.swift in Sources */,
				FEF66D8F2A454C8B00CE5525 /* VideoView.swift in Sources */,
				FE7AD1022AB0444600680CF1 /* Tone.xcdatamodeld in Sources */,
				FE7AD1102AB04A8500680CF1 /* MyTone.swift in Sources */,
				FE7AD12A2AB15F1900680CF1 /* CTone+CoreDataProperties.swift in Sources */,
				FE126BFA2A6CE72F008C3DB5 /* DeleteView.swift in Sources */,
				FE7AD1302AB1751C00680CF1 /* TokenLDS.swift in Sources */,
				FE7AD10E2AB046D500680CF1 /* ToneCacheCD.swift in Sources */,
				FE7AD1412AB17D9300680CF1 /* WallpaperViewModel.swift in Sources */,
				FEF66D832A43008400CE5525 /* MyTonesView.swift in Sources */,
				FE7AD1322AB1767100680CF1 /* Token.swift in Sources */,
				FE7AD11A2AB04DAB00680CF1 /* ProductStoreCacheCD.swift in Sources */,
				FEC6F5262AAF9A4B005F23F9 /* ViewExt.swift in Sources */,
				FE4FEA4C2A38D2F600007166 /* L10n.swift in Sources */,
				FEF66D8B2A44612600CE5525 /* Constant.swift in Sources */,
				FE7AD1532AB1B4D600680CF1 /* PHAssetExt.swift in Sources */,
				FE7AD14B2AB19B0700680CF1 /* WallpaperVideoPlayer.swift in Sources */,
				FEF91FB82A776987008A22A3 /* LoadingView.swift in Sources */,
				FE7AD1182AB04D9800680CF1 /* ProductStore+CoreDataProperties.swift in Sources */,
				FE7AD12C2AB1733300680CF1 /* APICall.swift in Sources */,
				FE7AD11E2AB050BE00680CF1 /* DateExt.swift in Sources */,
				FE126BFC2A6D0CAD008C3DB5 /* WallpaperDetailView.swift in Sources */,
				FE4FEA2D2A38CF7C00007166 /* RingtoneForestApp.swift in Sources */,
				FE4FEA412A38D0F900007166 /* EnvValueExt.swift in Sources */,
				FEF66D862A43009700CE5525 /* SettingsView.swift in Sources */,
				FE3B7A342A48A6EC006100C7 /* NoFillButtonView.swift in Sources */,
				FEF66D972A45C72000CE5525 /* RecordAudioView.swift in Sources */,
			);
			runOnlyForDeploymentPostprocessing = 0;
		};
/* End PBXSourcesBuildPhase section */

/* Begin XCBuildConfiguration section */
		FE4FEA352A38CF7D00007166 /* Debug */ = {
			isa = XCBuildConfiguration;
			buildSettings = {
				ALWAYS_SEARCH_USER_PATHS = NO;
				CLANG_ANALYZER_NONNULL = YES;
				CLANG_ANALYZER_NUMBER_OBJECT_CONVERSION = YES_AGGRESSIVE;
				CLANG_CXX_LANGUAGE_STANDARD = "gnu++20";
				CLANG_ENABLE_MODULES = YES;
				CLANG_ENABLE_OBJC_ARC = YES;
				CLANG_ENABLE_OBJC_WEAK = YES;
				CLANG_WARN_BLOCK_CAPTURE_AUTORELEASING = YES;
				CLANG_WARN_BOOL_CONVERSION = YES;
				CLANG_WARN_COMMA = YES;
				CLANG_WARN_CONSTANT_CONVERSION = YES;
				CLANG_WARN_DEPRECATED_OBJC_IMPLEMENTATIONS = YES;
				CLANG_WARN_DIRECT_OBJC_ISA_USAGE = YES_ERROR;
				CLANG_WARN_DOCUMENTATION_COMMENTS = YES;
				CLANG_WARN_EMPTY_BODY = YES;
				CLANG_WARN_ENUM_CONVERSION = YES;
				CLANG_WARN_INFINITE_RECURSION = YES;
				CLANG_WARN_INT_CONVERSION = YES;
				CLANG_WARN_NON_LITERAL_NULL_CONVERSION = YES;
				CLANG_WARN_OBJC_IMPLICIT_RETAIN_SELF = YES;
				CLANG_WARN_OBJC_LITERAL_CONVERSION = YES;
				CLANG_WARN_OBJC_ROOT_CLASS = YES_ERROR;
				CLANG_WARN_QUOTED_INCLUDE_IN_FRAMEWORK_HEADER = YES;
				CLANG_WARN_RANGE_LOOP_ANALYSIS = YES;
				CLANG_WARN_STRICT_PROTOTYPES = YES;
				CLANG_WARN_SUSPICIOUS_MOVE = YES;
				CLANG_WARN_UNGUARDED_AVAILABILITY = YES_AGGRESSIVE;
				CLANG_WARN_UNREACHABLE_CODE = YES;
				CLANG_WARN__DUPLICATE_METHOD_MATCH = YES;
				COPY_PHASE_STRIP = NO;
				DEBUG_INFORMATION_FORMAT = dwarf;
				ENABLE_STRICT_OBJC_MSGSEND = YES;
				ENABLE_TESTABILITY = YES;
				GCC_C_LANGUAGE_STANDARD = gnu11;
				GCC_DYNAMIC_NO_PIC = NO;
				GCC_NO_COMMON_BLOCKS = YES;
				GCC_OPTIMIZATION_LEVEL = 0;
				GCC_PREPROCESSOR_DEFINITIONS = (
					"DEBUG=1",
					"$(inherited)",
				);
				GCC_WARN_64_TO_32_BIT_CONVERSION = YES;
				GCC_WARN_ABOUT_RETURN_TYPE = YES_ERROR;
				GCC_WARN_UNDECLARED_SELECTOR = YES;
				GCC_WARN_UNINITIALIZED_AUTOS = YES_AGGRESSIVE;
				GCC_WARN_UNUSED_FUNCTION = YES;
				GCC_WARN_UNUSED_VARIABLE = YES;
				IPHONEOS_DEPLOYMENT_TARGET = 16.4;
				MTL_ENABLE_DEBUG_INFO = INCLUDE_SOURCE;
				MTL_FAST_MATH = YES;
				ONLY_ACTIVE_ARCH = YES;
				SDKROOT = iphoneos;
				SWIFT_ACTIVE_COMPILATION_CONDITIONS = DEBUG;
				SWIFT_OPTIMIZATION_LEVEL = "-Onone";
			};
			name = Debug;
		};
		FE4FEA362A38CF7D00007166 /* Release */ = {
			isa = XCBuildConfiguration;
			buildSettings = {
				ALWAYS_SEARCH_USER_PATHS = NO;
				CLANG_ANALYZER_NONNULL = YES;
				CLANG_ANALYZER_NUMBER_OBJECT_CONVERSION = YES_AGGRESSIVE;
				CLANG_CXX_LANGUAGE_STANDARD = "gnu++20";
				CLANG_ENABLE_MODULES = YES;
				CLANG_ENABLE_OBJC_ARC = YES;
				CLANG_ENABLE_OBJC_WEAK = YES;
				CLANG_WARN_BLOCK_CAPTURE_AUTORELEASING = YES;
				CLANG_WARN_BOOL_CONVERSION = YES;
				CLANG_WARN_COMMA = YES;
				CLANG_WARN_CONSTANT_CONVERSION = YES;
				CLANG_WARN_DEPRECATED_OBJC_IMPLEMENTATIONS = YES;
				CLANG_WARN_DIRECT_OBJC_ISA_USAGE = YES_ERROR;
				CLANG_WARN_DOCUMENTATION_COMMENTS = YES;
				CLANG_WARN_EMPTY_BODY = YES;
				CLANG_WARN_ENUM_CONVERSION = YES;
				CLANG_WARN_INFINITE_RECURSION = YES;
				CLANG_WARN_INT_CONVERSION = YES;
				CLANG_WARN_NON_LITERAL_NULL_CONVERSION = YES;
				CLANG_WARN_OBJC_IMPLICIT_RETAIN_SELF = YES;
				CLANG_WARN_OBJC_LITERAL_CONVERSION = YES;
				CLANG_WARN_OBJC_ROOT_CLASS = YES_ERROR;
				CLANG_WARN_QUOTED_INCLUDE_IN_FRAMEWORK_HEADER = YES;
				CLANG_WARN_RANGE_LOOP_ANALYSIS = YES;
				CLANG_WARN_STRICT_PROTOTYPES = YES;
				CLANG_WARN_SUSPICIOUS_MOVE = YES;
				CLANG_WARN_UNGUARDED_AVAILABILITY = YES_AGGRESSIVE;
				CLANG_WARN_UNREACHABLE_CODE = YES;
				CLANG_WARN__DUPLICATE_METHOD_MATCH = YES;
				COPY_PHASE_STRIP = NO;
				DEBUG_INFORMATION_FORMAT = "dwarf-with-dsym";
				ENABLE_NS_ASSERTIONS = NO;
				ENABLE_STRICT_OBJC_MSGSEND = YES;
				GCC_C_LANGUAGE_STANDARD = gnu11;
				GCC_NO_COMMON_BLOCKS = YES;
				GCC_WARN_64_TO_32_BIT_CONVERSION = YES;
				GCC_WARN_ABOUT_RETURN_TYPE = YES_ERROR;
				GCC_WARN_UNDECLARED_SELECTOR = YES;
				GCC_WARN_UNINITIALIZED_AUTOS = YES_AGGRESSIVE;
				GCC_WARN_UNUSED_FUNCTION = YES;
				GCC_WARN_UNUSED_VARIABLE = YES;
				IPHONEOS_DEPLOYMENT_TARGET = 16.4;
				MTL_ENABLE_DEBUG_INFO = NO;
				MTL_FAST_MATH = YES;
				SDKROOT = iphoneos;
				SWIFT_COMPILATION_MODE = wholemodule;
				SWIFT_OPTIMIZATION_LEVEL = "-O";
				VALIDATE_PRODUCT = YES;
			};
			name = Release;
		};
		FE4FEA382A38CF7D00007166 /* Debug */ = {
			isa = XCBuildConfiguration;
			baseConfigurationReference = 063EA2AFFF1F6039E9855271 /* Pods-RingtoneForest.debug.xcconfig */;
			buildSettings = {
				ASSETCATALOG_COMPILER_APPICON_NAME = AppIcon;
				ASSETCATALOG_COMPILER_GLOBAL_ACCENT_COLOR_NAME = AccentColor;
				CODE_SIGN_IDENTITY = "Apple Development";
				CODE_SIGN_STYLE = Manual;
				CURRENT_PROJECT_VERSION = 1;
				DEVELOPMENT_ASSET_PATHS = "\"RingtoneForest/Preview Content\"";
				DEVELOPMENT_TEAM = "";
				ENABLE_PREVIEWS = YES;
				GENERATE_INFOPLIST_FILE = YES;
				INFOPLIST_FILE = RingtoneForest/Info.plist;
				INFOPLIST_KEY_LSApplicationCategoryType = "";
				INFOPLIST_KEY_NSCameraUsageDescription = "This app needs access to your camera to create wallpaper from your video";
				INFOPLIST_KEY_NSMicrophoneUsageDescription = "Allow to access your mic to record audio";
				INFOPLIST_KEY_NSPhotoLibraryUsageDescription = "This app needs access to your videos and photos to create music";
				INFOPLIST_KEY_UIApplicationSceneManifest_Generation = YES;
				INFOPLIST_KEY_UIApplicationSupportsIndirectInputEvents = YES;
				INFOPLIST_KEY_UILaunchScreen_Generation = YES;
				INFOPLIST_KEY_UISupportedInterfaceOrientations_iPad = "UIInterfaceOrientationPortrait UIInterfaceOrientationPortraitUpsideDown UIInterfaceOrientationLandscapeLeft UIInterfaceOrientationLandscapeRight";
				IPHONEOS_DEPLOYMENT_TARGET = 14.0;
				LD_RUNPATH_SEARCH_PATHS = (
					"$(inherited)",
					"@executable_path/Frameworks",
				);
				MARKETING_VERSION = 1.0;
				PRODUCT_BUNDLE_IDENTIFIER = com.tonemakerwallpaper;
				PRODUCT_NAME = "$(TARGET_NAME)";
				PROVISIONING_PROFILE_SPECIFIER = "";
				SUPPORTED_PLATFORMS = "iphoneos iphonesimulator";
				SUPPORTS_MACCATALYST = NO;
				SUPPORTS_MAC_DESIGNED_FOR_IPHONE_IPAD = NO;
				SWIFT_EMIT_LOC_STRINGS = YES;
				SWIFT_VERSION = 5.0;
				TARGETED_DEVICE_FAMILY = "1,2";
			};
			name = Debug;
		};
		FE4FEA392A38CF7D00007166 /* Release */ = {
			isa = XCBuildConfiguration;
			baseConfigurationReference = 46285DA7EE2760F7B5EAE06A /* Pods-RingtoneForest.release.xcconfig */;
			buildSettings = {
				ASSETCATALOG_COMPILER_APPICON_NAME = AppIcon;
				ASSETCATALOG_COMPILER_GLOBAL_ACCENT_COLOR_NAME = AccentColor;
				CODE_SIGN_IDENTITY = "Apple Development";
				CODE_SIGN_STYLE = Manual;
				CURRENT_PROJECT_VERSION = 1;
				DEVELOPMENT_ASSET_PATHS = "\"RingtoneForest/Preview Content\"";
				DEVELOPMENT_TEAM = "";
				ENABLE_PREVIEWS = YES;
				GENERATE_INFOPLIST_FILE = YES;
				INFOPLIST_FILE = RingtoneForest/Info.plist;
				INFOPLIST_KEY_LSApplicationCategoryType = "";
				INFOPLIST_KEY_NSCameraUsageDescription = "This app needs access to your camera to create wallpaper from your video";
				INFOPLIST_KEY_NSMicrophoneUsageDescription = "Allow to access your mic to record audio";
				INFOPLIST_KEY_NSPhotoLibraryUsageDescription = "This app needs access to your videos and photos to create music";
				INFOPLIST_KEY_UIApplicationSceneManifest_Generation = YES;
				INFOPLIST_KEY_UIApplicationSupportsIndirectInputEvents = YES;
				INFOPLIST_KEY_UILaunchScreen_Generation = YES;
				INFOPLIST_KEY_UISupportedInterfaceOrientations_iPad = "UIInterfaceOrientationPortrait UIInterfaceOrientationPortraitUpsideDown UIInterfaceOrientationLandscapeLeft UIInterfaceOrientationLandscapeRight";
				IPHONEOS_DEPLOYMENT_TARGET = 14.0;
				LD_RUNPATH_SEARCH_PATHS = (
					"$(inherited)",
					"@executable_path/Frameworks",
				);
				MARKETING_VERSION = 1.0;
				PRODUCT_BUNDLE_IDENTIFIER = com.tonemakerwallpaper;
				PRODUCT_NAME = "$(TARGET_NAME)";
				PROVISIONING_PROFILE_SPECIFIER = "";
				SUPPORTED_PLATFORMS = "iphoneos iphonesimulator";
				SUPPORTS_MACCATALYST = NO;
				SUPPORTS_MAC_DESIGNED_FOR_IPHONE_IPAD = NO;
				SWIFT_EMIT_LOC_STRINGS = YES;
				SWIFT_VERSION = 5.0;
				TARGETED_DEVICE_FAMILY = "1,2";
			};
			name = Release;
		};
/* End XCBuildConfiguration section */

/* Begin XCConfigurationList section */
		FE4FEA242A38CF7C00007166 /* Build configuration list for PBXProject "RingtoneForest" */ = {
			isa = XCConfigurationList;
			buildConfigurations = (
				FE4FEA352A38CF7D00007166 /* Debug */,
				FE4FEA362A38CF7D00007166 /* Release */,
			);
			defaultConfigurationIsVisible = 0;
			defaultConfigurationName = Release;
		};
		FE4FEA372A38CF7D00007166 /* Build configuration list for PBXNativeTarget "RingtoneForest" */ = {
			isa = XCConfigurationList;
			buildConfigurations = (
				FE4FEA382A38CF7D00007166 /* Debug */,
				FE4FEA392A38CF7D00007166 /* Release */,
			);
			defaultConfigurationIsVisible = 0;
			defaultConfigurationName = Release;
		};
/* End XCConfigurationList section */

/* Begin XCRemoteSwiftPackageReference section */
		FE7AD1372AB17B1400680CF1 /* XCRemoteSwiftPackageReference "Swinject" */ = {
			isa = XCRemoteSwiftPackageReference;
			repositoryURL = "https://github.com/Swinject/Swinject.git";
			requirement = {
				kind = upToNextMajorVersion;
				minimumVersion = 2.0.0;
			};
		};
		FE7AD13A2AB17B2600680CF1 /* XCRemoteSwiftPackageReference "SwinjectAutoregistration" */ = {
			isa = XCRemoteSwiftPackageReference;
			repositoryURL = "https://github.com/Swinject/SwinjectAutoregistration.git";
			requirement = {
				kind = upToNextMajorVersion;
				minimumVersion = 2.0.0;
			};
		};
		FE7AD1422AB1809900680CF1 /* XCRemoteSwiftPackageReference "Nuke" */ = {
			isa = XCRemoteSwiftPackageReference;
			repositoryURL = "https://github.com/kean/Nuke";
			requirement = {
				kind = upToNextMajorVersion;
				minimumVersion = 12.0.0;
			};
		};
		FE90C6182AEAC72A0044A066 /* XCRemoteSwiftPackageReference "SwiftyStoreKit" */ = {
			isa = XCRemoteSwiftPackageReference;
			repositoryURL = "https://github.com/bizz84/SwiftyStoreKit.git";
			requirement = {
				kind = upToNextMajorVersion;
				minimumVersion = 0.16.4;
			};
		};
		FEF91FC12A77BD67008A22A3 /* XCRemoteSwiftPackageReference "swiftui-introspect" */ = {
			isa = XCRemoteSwiftPackageReference;
			repositoryURL = "https://github.com/siteline/swiftui-introspect";
			requirement = {
				kind = upToNextMajorVersion;
				minimumVersion = 0.10.0;
			};
		};
/* End XCRemoteSwiftPackageReference section */

/* Begin XCSwiftPackageProductDependency section */
		FE7AD1382AB17B1400680CF1 /* Swinject */ = {
			isa = XCSwiftPackageProductDependency;
			package = FE7AD1372AB17B1400680CF1 /* XCRemoteSwiftPackageReference "Swinject" */;
			productName = Swinject;
		};
		FE7AD13B2AB17B2600680CF1 /* SwinjectAutoregistration */ = {
			isa = XCSwiftPackageProductDependency;
			package = FE7AD13A2AB17B2600680CF1 /* XCRemoteSwiftPackageReference "SwinjectAutoregistration" */;
			productName = SwinjectAutoregistration;
		};
		FE7AD1432AB1809900680CF1 /* Nuke */ = {
			isa = XCSwiftPackageProductDependency;
			package = FE7AD1422AB1809900680CF1 /* XCRemoteSwiftPackageReference "Nuke" */;
			productName = Nuke;
		};
		FE7AD1452AB1809900680CF1 /* NukeExtensions */ = {
			isa = XCSwiftPackageProductDependency;
			package = FE7AD1422AB1809900680CF1 /* XCRemoteSwiftPackageReference "Nuke" */;
			productName = NukeExtensions;
		};
		FE7AD1472AB1809900680CF1 /* NukeUI */ = {
			isa = XCSwiftPackageProductDependency;
			package = FE7AD1422AB1809900680CF1 /* XCRemoteSwiftPackageReference "Nuke" */;
			productName = NukeUI;
		};
		FE90C6192AEAC72A0044A066 /* SwiftyStoreKit */ = {
			isa = XCSwiftPackageProductDependency;
			package = FE90C6182AEAC72A0044A066 /* XCRemoteSwiftPackageReference "SwiftyStoreKit" */;
			productName = SwiftyStoreKit;
		};
		FEF91FC22A77BD67008A22A3 /* SwiftUIIntrospect */ = {
			isa = XCSwiftPackageProductDependency;
			package = FEF91FC12A77BD67008A22A3 /* XCRemoteSwiftPackageReference "swiftui-introspect" */;
			productName = SwiftUIIntrospect;
		};
/* End XCSwiftPackageProductDependency section */

/* Begin XCVersionGroup section */
		FE7AD1002AB0444600680CF1 /* Tone.xcdatamodeld */ = {
			isa = XCVersionGroup;
			children = (
				FE7AD1012AB0444600680CF1 /* CTone.xcdatamodel */,
			);
			currentVersion = FE7AD1012AB0444600680CF1 /* CTone.xcdatamodel */;
			path = Tone.xcdatamodeld;
			sourceTree = "<group>";
			versionGroupType = wrapper.xcdatamodel;
		};
		FE7AD1032AB0450400680CF1 /* ProductStore.xcdatamodeld */ = {
			isa = XCVersionGroup;
			children = (
				FE7AD1042AB0450400680CF1 /* ProductStore.xcdatamodel */,
			);
			currentVersion = FE7AD1042AB0450400680CF1 /* ProductStore.xcdatamodel */;
			path = ProductStore.xcdatamodeld;
			sourceTree = "<group>";
			versionGroupType = wrapper.xcdatamodel;
		};
		FE7AD1062AB0455C00680CF1 /* Wallpaper.xcdatamodeld */ = {
			isa = XCVersionGroup;
			children = (
				FE7AD1072AB0455C00680CF1 /* Wallpaper.xcdatamodel */,
			);
			currentVersion = FE7AD1072AB0455C00680CF1 /* Wallpaper.xcdatamodel */;
			path = Wallpaper.xcdatamodeld;
			sourceTree = "<group>";
			versionGroupType = wrapper.xcdatamodel;
		};
/* End XCVersionGroup section */
	};
	rootObject = FE4FEA212A38CF7C00007166 /* Project object */;
}
