// !$*UTF8*$!
{
	archiveVersion = 1;
	classes = {
	};
	objectVersion = 56;
	objects = {

/* Begin PBXBuildFile section */
		FE126BF52A6C56BF008C3DB5 /* TutorialView.swift in Sources */ = {isa = PBXBuildFile; fileRef = FE126BF42A6C56BF008C3DB5 /* TutorialView.swift */; };
		FE126BF82A6CE45E008C3DB5 /* RenameView.swift in Sources */ = {isa = PBXBuildFile; fileRef = FE126BF72A6CE45D008C3DB5 /* RenameView.swift */; };
		FE126BFA2A6CE72F008C3DB5 /* DeleteView.swift in Sources */ = {isa = PBXBuildFile; fileRef = FE126BF92A6CE72F008C3DB5 /* DeleteView.swift */; };
		FE126BFC2A6D0CAD008C3DB5 /* WallpaperDetailView.swift in Sources */ = {isa = PBXBuildFile; fileRef = FE126BFB2A6D0CAD008C3DB5 /* WallpaperDetailView.swift */; };
		FE3B7A2E2A477978006100C7 /* AudioCutterView.swift in Sources */ = {isa = PBXBuildFile; fileRef = FE3B7A2D2A477978006100C7 /* AudioCutterView.swift */; };
		FE3B7A302A48A363006100C7 /* SaveRingtoneView.swift in Sources */ = {isa = PBXBuildFile; fileRef = FE3B7A2F2A48A363006100C7 /* SaveRingtoneView.swift */; };
		FE3B7A322A48A6B8006100C7 /* LiveWallpaperCutterView.swift in Sources */ = {isa = PBXBuildFile; fileRef = FE3B7A312A48A6B8006100C7 /* LiveWallpaperCutterView.swift */; };
		FE3B7A342A48A6EC006100C7 /* NoFillButtonView.swift in Sources */ = {isa = PBXBuildFile; fileRef = FE3B7A332A48A6EC006100C7 /* NoFillButtonView.swift */; };
		FE3B7A362A48A70D006100C7 /* FillButtonView.swift in Sources */ = {isa = PBXBuildFile; fileRef = FE3B7A352A48A70D006100C7 /* FillButtonView.swift */; };
		FE3B7A382A48A9B0006100C7 /* SavingView.swift in Sources */ = {isa = PBXBuildFile; fileRef = FE3B7A372A48A9B0006100C7 /* SavingView.swift */; };
		FE3B7A3A2A48B8E5006100C7 /* PremiumPlanView.swift in Sources */ = {isa = PBXBuildFile; fileRef = FE3B7A392A48B8E5006100C7 /* PremiumPlanView.swift */; };
		FE42C3082A76B6FF0079CEEB /* AudioContext.swift in Sources */ = {isa = PBXBuildFile; fileRef = FE42C3072A76B6FF0079CEEB /* AudioContext.swift */; };
		FE4FEA2D2A38CF7C00007166 /* RingtoneForestApp.swift in Sources */ = {isa = PBXBuildFile; fileRef = FE4FEA2C2A38CF7C00007166 /* RingtoneForestApp.swift */; };
		FE4FEA2F2A38CF7C00007166 /* ContentView.swift in Sources */ = {isa = PBXBuildFile; fileRef = FE4FEA2E2A38CF7C00007166 /* ContentView.swift */; };
		FE4FEA312A38CF7D00007166 /* Assets.xcassets in Resources */ = {isa = PBXBuildFile; fileRef = FE4FEA302A38CF7D00007166 /* Assets.xcassets */; };
		FE4FEA342A38CF7D00007166 /* Preview Assets.xcassets in Resources */ = {isa = PBXBuildFile; fileRef = FE4FEA332A38CF7D00007166 /* Preview Assets.xcassets */; };
		FE4FEA3D2A38D08A00007166 /* TabBarView.swift in Sources */ = {isa = PBXBuildFile; fileRef = FE4FEA3C2A38D08A00007166 /* TabBarView.swift */; };
		FE4FEA412A38D0F900007166 /* EnvValueExt.swift in Sources */ = {isa = PBXBuildFile; fileRef = FE4FEA402A38D0F900007166 /* EnvValueExt.swift */; };
		FE4FEA432A38D1C800007166 /* HeaderView.swift in Sources */ = {isa = PBXBuildFile; fileRef = FE4FEA422A38D1C800007166 /* HeaderView.swift */; };
		FE4FEA482A38D2AE00007166 /* Localizable.strings in Resources */ = {isa = PBXBuildFile; fileRef = FE4FEA472A38D2AD00007166 /* Localizable.strings */; };
		FE4FEA4B2A38D2F600007166 /* Assets.swift in Sources */ = {isa = PBXBuildFile; fileRef = FE4FEA492A38D2F600007166 /* Assets.swift */; };
		FE4FEA4C2A38D2F600007166 /* L10n.swift in Sources */ = {isa = PBXBuildFile; fileRef = FE4FEA4A2A38D2F600007166 /* L10n.swift */; };
		FE5BC8782A839F5D00577AD4 /* sample_2.mp3 in Resources */ = {isa = PBXBuildFile; fileRef = FE5BC8772A839F5D00577AD4 /* sample_2.mp3 */; };
		FEEAF8A92A961E3B0080DCE8 /* RingtoneExtractor.swift in Sources */ = {isa = PBXBuildFile; fileRef = FEEAF8A82A961E3B0080DCE8 /* RingtoneExtractor.swift */; };
		FEF66D7B2A42C0C800CE5525 /* ActivityViewController.swift in Sources */ = {isa = PBXBuildFile; fileRef = FEF66D7A2A42C0C800CE5525 /* ActivityViewController.swift */; };
		FEF66D7D2A42C7F800CE5525 /* Colors.xcassets in Resources */ = {isa = PBXBuildFile; fileRef = FEF66D7C2A42C7F800CE5525 /* Colors.xcassets */; };
		FEF66D802A43007100CE5525 /* MakerView.swift in Sources */ = {isa = PBXBuildFile; fileRef = FEF66D7F2A43007100CE5525 /* MakerView.swift */; };
		FEF66D832A43008400CE5525 /* MyTonesView.swift in Sources */ = {isa = PBXBuildFile; fileRef = FEF66D822A43008400CE5525 /* MyTonesView.swift */; };
		FEF66D862A43009700CE5525 /* SettingsView.swift in Sources */ = {isa = PBXBuildFile; fileRef = FEF66D852A43009700CE5525 /* SettingsView.swift */; };
		FEF66D892A4300AF00CE5525 /* WallpaperView.swift in Sources */ = {isa = PBXBuildFile; fileRef = FEF66D882A4300AF00CE5525 /* WallpaperView.swift */; };
		FEF66D8B2A44612600CE5525 /* Constant.swift in Sources */ = {isa = PBXBuildFile; fileRef = FEF66D8A2A44612600CE5525 /* Constant.swift */; };
		FEF66D8D2A446F0E00CE5525 /* TextModifier.swift in Sources */ = {isa = PBXBuildFile; fileRef = FEF66D8C2A446F0D00CE5525 /* TextModifier.swift */; };
		FEF66D8F2A454C8B00CE5525 /* VideoView.swift in Sources */ = {isa = PBXBuildFile; fileRef = FEF66D8E2A454C8B00CE5525 /* VideoView.swift */; };
		FEF66D942A45C4BD00CE5525 /* VideosAsset.swift in Sources */ = {isa = PBXBuildFile; fileRef = FEF66D932A45C4BD00CE5525 /* VideosAsset.swift */; };
		FEF66D972A45C72000CE5525 /* RecordAudioView.swift in Sources */ = {isa = PBXBuildFile; fileRef = FEF66D962A45C72000CE5525 /* RecordAudioView.swift */; };
		FEF91FB82A776987008A22A3 /* LoadingView.swift in Sources */ = {isa = PBXBuildFile; fileRef = FEF91FB72A776987008A22A3 /* LoadingView.swift */; };
		FEF91FBA2A776C65008A22A3 /* sample.mp3 in Resources */ = {isa = PBXBuildFile; fileRef = FEF91FB92A776C65008A22A3 /* sample.mp3 */; };
		FEF91FBC2A77B7F6008A22A3 /* DoubleExt.swift in Sources */ = {isa = PBXBuildFile; fileRef = FEF91FBB2A77B7F6008A22A3 /* DoubleExt.swift */; };
		FEF91FBE2A77B871008A22A3 /* StringExt.swift in Sources */ = {isa = PBXBuildFile; fileRef = FEF91FBD2A77B871008A22A3 /* StringExt.swift */; };
		FEF91FC02A77BBA9008A22A3 /* ScrollViewOffset.swift in Sources */ = {isa = PBXBuildFile; fileRef = FEF91FBF2A77BBA9008A22A3 /* ScrollViewOffset.swift */; };
		FEF91FC32A77BD67008A22A3 /* SwiftUIIntrospect in Frameworks */ = {isa = PBXBuildFile; productRef = FEF91FC22A77BD67008A22A3 /* SwiftUIIntrospect */; };
/* End PBXBuildFile section */

/* Begin PBXFileReference section */
		FE126BF42A6C56BF008C3DB5 /* TutorialView.swift */ = {isa = PBXFileReference; lastKnownFileType = sourcecode.swift; path = TutorialView.swift; sourceTree = "<group>"; };
		FE126BF72A6CE45D008C3DB5 /* RenameView.swift */ = {isa = PBXFileReference; lastKnownFileType = sourcecode.swift; path = RenameView.swift; sourceTree = "<group>"; };
		FE126BF92A6CE72F008C3DB5 /* DeleteView.swift */ = {isa = PBXFileReference; lastKnownFileType = sourcecode.swift; path = DeleteView.swift; sourceTree = "<group>"; };
		FE126BFB2A6D0CAD008C3DB5 /* WallpaperDetailView.swift */ = {isa = PBXFileReference; lastKnownFileType = sourcecode.swift; path = WallpaperDetailView.swift; sourceTree = "<group>"; };
		FE3B7A2D2A477978006100C7 /* AudioCutterView.swift */ = {isa = PBXFileReference; lastKnownFileType = sourcecode.swift; path = AudioCutterView.swift; sourceTree = "<group>"; };
		FE3B7A2F2A48A363006100C7 /* SaveRingtoneView.swift */ = {isa = PBXFileReference; lastKnownFileType = sourcecode.swift; path = SaveRingtoneView.swift; sourceTree = "<group>"; };
		FE3B7A312A48A6B8006100C7 /* LiveWallpaperCutterView.swift */ = {isa = PBXFileReference; lastKnownFileType = sourcecode.swift; path = LiveWallpaperCutterView.swift; sourceTree = "<group>"; };
		FE3B7A332A48A6EC006100C7 /* NoFillButtonView.swift */ = {isa = PBXFileReference; lastKnownFileType = sourcecode.swift; path = NoFillButtonView.swift; sourceTree = "<group>"; };
		FE3B7A352A48A70D006100C7 /* FillButtonView.swift */ = {isa = PBXFileReference; lastKnownFileType = sourcecode.swift; path = FillButtonView.swift; sourceTree = "<group>"; };
		FE3B7A372A48A9B0006100C7 /* SavingView.swift */ = {isa = PBXFileReference; lastKnownFileType = sourcecode.swift; path = SavingView.swift; sourceTree = "<group>"; };
		FE3B7A392A48B8E5006100C7 /* PremiumPlanView.swift */ = {isa = PBXFileReference; lastKnownFileType = sourcecode.swift; path = PremiumPlanView.swift; sourceTree = "<group>"; };
		FE42C3072A76B6FF0079CEEB /* AudioContext.swift */ = {isa = PBXFileReference; lastKnownFileType = sourcecode.swift; path = AudioContext.swift; sourceTree = "<group>"; };
		FE4FEA292A38CF7C00007166 /* RingtoneForest.app */ = {isa = PBXFileReference; explicitFileType = wrapper.application; includeInIndex = 0; path = RingtoneForest.app; sourceTree = BUILT_PRODUCTS_DIR; };
		FE4FEA2C2A38CF7C00007166 /* RingtoneForestApp.swift */ = {isa = PBXFileReference; lastKnownFileType = sourcecode.swift; path = RingtoneForestApp.swift; sourceTree = "<group>"; };
		FE4FEA2E2A38CF7C00007166 /* ContentView.swift */ = {isa = PBXFileReference; lastKnownFileType = sourcecode.swift; path = ContentView.swift; sourceTree = "<group>"; };
		FE4FEA302A38CF7D00007166 /* Assets.xcassets */ = {isa = PBXFileReference; lastKnownFileType = folder.assetcatalog; path = Assets.xcassets; sourceTree = "<group>"; };
		FE4FEA332A38CF7D00007166 /* Preview Assets.xcassets */ = {isa = PBXFileReference; lastKnownFileType = folder.assetcatalog; path = "Preview Assets.xcassets"; sourceTree = "<group>"; };
		FE4FEA3C2A38D08A00007166 /* TabBarView.swift */ = {isa = PBXFileReference; lastKnownFileType = sourcecode.swift; path = TabBarView.swift; sourceTree = "<group>"; };
		FE4FEA402A38D0F900007166 /* EnvValueExt.swift */ = {isa = PBXFileReference; lastKnownFileType = sourcecode.swift; path = EnvValueExt.swift; sourceTree = "<group>"; };
		FE4FEA422A38D1C800007166 /* HeaderView.swift */ = {isa = PBXFileReference; lastKnownFileType = sourcecode.swift; path = HeaderView.swift; sourceTree = "<group>"; };
		FE4FEA472A38D2AD00007166 /* Localizable.strings */ = {isa = PBXFileReference; lastKnownFileType = text.plist.strings; path = Localizable.strings; sourceTree = "<group>"; };
		FE4FEA492A38D2F600007166 /* Assets.swift */ = {isa = PBXFileReference; fileEncoding = 4; lastKnownFileType = sourcecode.swift; path = Assets.swift; sourceTree = "<group>"; };
		FE4FEA4A2A38D2F600007166 /* L10n.swift */ = {isa = PBXFileReference; fileEncoding = 4; lastKnownFileType = sourcecode.swift; path = L10n.swift; sourceTree = "<group>"; };
		FE5BC8772A839F5D00577AD4 /* sample_2.mp3 */ = {isa = PBXFileReference; lastKnownFileType = audio.mp3; path = sample_2.mp3; sourceTree = "<group>"; };
		FEEAF8A82A961E3B0080DCE8 /* RingtoneExtractor.swift */ = {isa = PBXFileReference; lastKnownFileType = sourcecode.swift; path = RingtoneExtractor.swift; sourceTree = "<group>"; };
		FEF66D7A2A42C0C800CE5525 /* ActivityViewController.swift */ = {isa = PBXFileReference; lastKnownFileType = sourcecode.swift; path = ActivityViewController.swift; sourceTree = "<group>"; };
		FEF66D7C2A42C7F800CE5525 /* Colors.xcassets */ = {isa = PBXFileReference; lastKnownFileType = folder.assetcatalog; path = Colors.xcassets; sourceTree = "<group>"; };
		FEF66D7F2A43007100CE5525 /* MakerView.swift */ = {isa = PBXFileReference; lastKnownFileType = sourcecode.swift; path = MakerView.swift; sourceTree = "<group>"; };
		FEF66D822A43008400CE5525 /* MyTonesView.swift */ = {isa = PBXFileReference; lastKnownFileType = sourcecode.swift; path = MyTonesView.swift; sourceTree = "<group>"; };
		FEF66D852A43009700CE5525 /* SettingsView.swift */ = {isa = PBXFileReference; lastKnownFileType = sourcecode.swift; path = SettingsView.swift; sourceTree = "<group>"; };
		FEF66D882A4300AF00CE5525 /* WallpaperView.swift */ = {isa = PBXFileReference; lastKnownFileType = sourcecode.swift; path = WallpaperView.swift; sourceTree = "<group>"; };
		FEF66D8A2A44612600CE5525 /* Constant.swift */ = {isa = PBXFileReference; lastKnownFileType = sourcecode.swift; path = Constant.swift; sourceTree = "<group>"; };
		FEF66D8C2A446F0D00CE5525 /* TextModifier.swift */ = {isa = PBXFileReference; lastKnownFileType = sourcecode.swift; path = TextModifier.swift; sourceTree = "<group>"; };
		FEF66D8E2A454C8B00CE5525 /* VideoView.swift */ = {isa = PBXFileReference; lastKnownFileType = sourcecode.swift; path = VideoView.swift; sourceTree = "<group>"; };
		FEF66D932A45C4BD00CE5525 /* VideosAsset.swift */ = {isa = PBXFileReference; lastKnownFileType = sourcecode.swift; path = VideosAsset.swift; sourceTree = "<group>"; };
		FEF66D962A45C72000CE5525 /* RecordAudioView.swift */ = {isa = PBXFileReference; lastKnownFileType = sourcecode.swift; path = RecordAudioView.swift; sourceTree = "<group>"; };
		FEF91FB72A776987008A22A3 /* LoadingView.swift */ = {isa = PBXFileReference; lastKnownFileType = sourcecode.swift; path = LoadingView.swift; sourceTree = "<group>"; };
		FEF91FB92A776C65008A22A3 /* sample.mp3 */ = {isa = PBXFileReference; lastKnownFileType = audio.mp3; path = sample.mp3; sourceTree = "<group>"; };
		FEF91FBB2A77B7F6008A22A3 /* DoubleExt.swift */ = {isa = PBXFileReference; lastKnownFileType = sourcecode.swift; path = DoubleExt.swift; sourceTree = "<group>"; };
		FEF91FBD2A77B871008A22A3 /* StringExt.swift */ = {isa = PBXFileReference; lastKnownFileType = sourcecode.swift; path = StringExt.swift; sourceTree = "<group>"; };
		FEF91FBF2A77BBA9008A22A3 /* ScrollViewOffset.swift */ = {isa = PBXFileReference; lastKnownFileType = sourcecode.swift; path = ScrollViewOffset.swift; sourceTree = "<group>"; };
/* End PBXFileReference section */

/* Begin PBXFrameworksBuildPhase section */
		FE4FEA262A38CF7C00007166 /* Frameworks */ = {
			isa = PBXFrameworksBuildPhase;
			buildActionMask = 2147483647;
			files = (
				FEF91FC32A77BD67008A22A3 /* SwiftUIIntrospect in Frameworks */,
			);
			runOnlyForDeploymentPostprocessing = 0;
		};
/* End PBXFrameworksBuildPhase section */

/* Begin PBXGroup section */
		FE126BF32A6C56A4008C3DB5 /* Tutorial */ = {
			isa = PBXGroup;
			children = (
				FE126BF42A6C56BF008C3DB5 /* TutorialView.swift */,
			);
			path = Tutorial;
			sourceTree = "<group>";
		};
		FE126BF62A6CE454008C3DB5 /* Subviews */ = {
			isa = PBXGroup;
			children = (
				FE126BF72A6CE45D008C3DB5 /* RenameView.swift */,
				FE126BF92A6CE72F008C3DB5 /* DeleteView.swift */,
			);
			path = Subviews;
			sourceTree = "<group>";
		};
		FE42C3062A76B6F50079CEEB /* Helpers */ = {
			isa = PBXGroup;
			children = (
				FE42C3072A76B6FF0079CEEB /* AudioContext.swift */,
				FEEAF8A82A961E3B0080DCE8 /* RingtoneExtractor.swift */,
			);
			path = Helpers;
			sourceTree = "<group>";
		};
		FE4FEA202A38CF7C00007166 = {
			isa = PBXGroup;
			children = (
				FE4FEA2B2A38CF7C00007166 /* RingtoneForest */,
				FE4FEA2A2A38CF7C00007166 /* Products */,
			);
			sourceTree = "<group>";
		};
		FE4FEA2A2A38CF7C00007166 /* Products */ = {
			isa = PBXGroup;
			children = (
				FE4FEA292A38CF7C00007166 /* RingtoneForest.app */,
			);
			name = Products;
			sourceTree = "<group>";
		};
		FE4FEA2B2A38CF7C00007166 /* RingtoneForest */ = {
			isa = PBXGroup;
			children = (
				FEF66D922A45C4B000CE5525 /* Models */,
				FE4FEA2C2A38CF7C00007166 /* RingtoneForestApp.swift */,
				FEF66D772A42C09600CE5525 /* Commons */,
				FE4FEA442A38D28700007166 /* Resources */,
				FE4FEA3A2A38D06D00007166 /* Scenes */,
				FE4FEA2E2A38CF7C00007166 /* ContentView.swift */,
				FE4FEA322A38CF7D00007166 /* Preview Content */,
			);
			path = RingtoneForest;
			sourceTree = "<group>";
		};
		FE4FEA322A38CF7D00007166 /* Preview Content */ = {
			isa = PBXGroup;
			children = (
				FE4FEA332A38CF7D00007166 /* Preview Assets.xcassets */,
			);
			path = "Preview Content";
			sourceTree = "<group>";
		};
		FE4FEA3A2A38D06D00007166 /* Scenes */ = {
			isa = PBXGroup;
			children = (
				FE126BF32A6C56A4008C3DB5 /* Tutorial */,
				FEF66D872A43009A00CE5525 /* Wallpaper */,
				FEF66D842A43008700CE5525 /* Settings */,
				FEF66D812A43007800CE5525 /* My Tones */,
				FEF66D7E2A43005F00CE5525 /* Maker */,
				FEF66D792A42C0B300CE5525 /* ReuseViews */,
				FE4FEA3B2A38D07900007166 /* TabBar */,
			);
			path = Scenes;
			sourceTree = "<group>";
		};
		FE4FEA3B2A38D07900007166 /* TabBar */ = {
			isa = PBXGroup;
			children = (
				FE4FEA3C2A38D08A00007166 /* TabBarView.swift */,
				FE4FEA422A38D1C800007166 /* HeaderView.swift */,
			);
			name = TabBar;
			path = "TabBả";
			sourceTree = "<group>";
		};
		FE4FEA442A38D28700007166 /* Resources */ = {
			isa = PBXGroup;
			children = (
				FE5BC8772A839F5D00577AD4 /* sample_2.mp3 */,
				FEF91FB92A776C65008A22A3 /* sample.mp3 */,
				FE4FEA302A38CF7D00007166 /* Assets.xcassets */,
				FE4FEA492A38D2F600007166 /* Assets.swift */,
				FE4FEA4A2A38D2F600007166 /* L10n.swift */,
				FEF66D7C2A42C7F800CE5525 /* Colors.xcassets */,
				FE4FEA472A38D2AD00007166 /* Localizable.strings */,
			);
			path = Resources;
			sourceTree = "<group>";
		};
		FEF66D772A42C09600CE5525 /* Commons */ = {
			isa = PBXGroup;
			children = (
				FE42C3062A76B6F50079CEEB /* Helpers */,
				FEF66D782A42C09F00CE5525 /* Extensions */,
				FEF66D8A2A44612600CE5525 /* Constant.swift */,
			);
			path = Commons;
			sourceTree = "<group>";
		};
		FEF66D782A42C09F00CE5525 /* Extensions */ = {
			isa = PBXGroup;
			children = (
				FE4FEA402A38D0F900007166 /* EnvValueExt.swift */,
				FEF91FBB2A77B7F6008A22A3 /* DoubleExt.swift */,
				FEF91FBD2A77B871008A22A3 /* StringExt.swift */,
			);
			path = Extensions;
			sourceTree = "<group>";
		};
		FEF66D792A42C0B300CE5525 /* ReuseViews */ = {
			isa = PBXGroup;
			children = (
				FEF66D7A2A42C0C800CE5525 /* ActivityViewController.swift */,
				FE3B7A332A48A6EC006100C7 /* NoFillButtonView.swift */,
				FE3B7A352A48A70D006100C7 /* FillButtonView.swift */,
				FEF91FBF2A77BBA9008A22A3 /* ScrollViewOffset.swift */,
				FEF66D8C2A446F0D00CE5525 /* TextModifier.swift */,
				FEF91FB72A776987008A22A3 /* LoadingView.swift */,
			);
			path = ReuseViews;
			sourceTree = "<group>";
		};
		FEF66D7E2A43005F00CE5525 /* Maker */ = {
			isa = PBXGroup;
			children = (
				FEF66D7F2A43007100CE5525 /* MakerView.swift */,
				FEF66D952A45C70F00CE5525 /* Subviews */,
			);
			path = Maker;
			sourceTree = "<group>";
		};
		FEF66D812A43007800CE5525 /* My Tones */ = {
			isa = PBXGroup;
			children = (
				FEF66D822A43008400CE5525 /* MyTonesView.swift */,
				FE126BF62A6CE454008C3DB5 /* Subviews */,
			);
			path = "My Tones";
			sourceTree = "<group>";
		};
		FEF66D842A43008700CE5525 /* Settings */ = {
			isa = PBXGroup;
			children = (
				FEF66D852A43009700CE5525 /* SettingsView.swift */,
				FE3B7A392A48B8E5006100C7 /* PremiumPlanView.swift */,
			);
			path = Settings;
			sourceTree = "<group>";
		};
		FEF66D872A43009A00CE5525 /* Wallpaper */ = {
			isa = PBXGroup;
			children = (
				FEF66D882A4300AF00CE5525 /* WallpaperView.swift */,
				FE126BFB2A6D0CAD008C3DB5 /* WallpaperDetailView.swift */,
			);
			path = Wallpaper;
			sourceTree = "<group>";
		};
		FEF66D922A45C4B000CE5525 /* Models */ = {
			isa = PBXGroup;
			children = (
				FEF66D932A45C4BD00CE5525 /* VideosAsset.swift */,
			);
			path = Models;
			sourceTree = "<group>";
		};
		FEF66D952A45C70F00CE5525 /* Subviews */ = {
			isa = PBXGroup;
			children = (
				FEF66D8E2A454C8B00CE5525 /* VideoView.swift */,
				FEF66D962A45C72000CE5525 /* RecordAudioView.swift */,
				FE3B7A2D2A477978006100C7 /* AudioCutterView.swift */,
				FE3B7A2F2A48A363006100C7 /* SaveRingtoneView.swift */,
				FE3B7A312A48A6B8006100C7 /* LiveWallpaperCutterView.swift */,
				FE3B7A372A48A9B0006100C7 /* SavingView.swift */,
			);
			path = Subviews;
			sourceTree = "<group>";
		};
/* End PBXGroup section */

/* Begin PBXNativeTarget section */
		FE4FEA282A38CF7C00007166 /* RingtoneForest */ = {
			isa = PBXNativeTarget;
			buildConfigurationList = FE4FEA372A38CF7D00007166 /* Build configuration list for PBXNativeTarget "RingtoneForest" */;
			buildPhases = (
				FE4FEA252A38CF7C00007166 /* Sources */,
				FE4FEA262A38CF7C00007166 /* Frameworks */,
				FE4FEA272A38CF7C00007166 /* Resources */,
			);
			buildRules = (
			);
			dependencies = (
			);
			name = RingtoneForest;
			packageProductDependencies = (
				FEF91FC22A77BD67008A22A3 /* SwiftUIIntrospect */,
			);
			productName = RingtoneForest;
			productReference = FE4FEA292A38CF7C00007166 /* RingtoneForest.app */;
			productType = "com.apple.product-type.application";
		};
/* End PBXNativeTarget section */

/* Begin PBXProject section */
		FE4FEA212A38CF7C00007166 /* Project object */ = {
			isa = PBXProject;
			attributes = {
				BuildIndependentTargetsInParallel = 1;
				LastSwiftUpdateCheck = 1430;
				LastUpgradeCheck = 1430;
				TargetAttributes = {
					FE4FEA282A38CF7C00007166 = {
						CreatedOnToolsVersion = 14.3;
					};
				};
			};
			buildConfigurationList = FE4FEA242A38CF7C00007166 /* Build configuration list for PBXProject "RingtoneForest" */;
			compatibilityVersion = "Xcode 14.0";
			developmentRegion = en;
			hasScannedForEncodings = 0;
			knownRegions = (
				en,
				Base,
			);
			mainGroup = FE4FEA202A38CF7C00007166;
			packageReferences = (
				FEF91FC12A77BD67008A22A3 /* XCRemoteSwiftPackageReference "swiftui-introspect" */,
			);
			productRefGroup = FE4FEA2A2A38CF7C00007166 /* Products */;
			projectDirPath = "";
			projectRoot = "";
			targets = (
				FE4FEA282A38CF7C00007166 /* RingtoneForest */,
			);
		};
/* End PBXProject section */

/* Begin PBXResourcesBuildPhase section */
		FE4FEA272A38CF7C00007166 /* Resources */ = {
			isa = PBXResourcesBuildPhase;
			buildActionMask = 2147483647;
			files = (
				FE4FEA482A38D2AE00007166 /* Localizable.strings in Resources */,
				FEF66D7D2A42C7F800CE5525 /* Colors.xcassets in Resources */,
				FE4FEA342A38CF7D00007166 /* Preview Assets.xcassets in Resources */,
				FE5BC8782A839F5D00577AD4 /* sample_2.mp3 in Resources */,
				FEF91FBA2A776C65008A22A3 /* sample.mp3 in Resources */,
				FE4FEA312A38CF7D00007166 /* Assets.xcassets in Resources */,
			);
			runOnlyForDeploymentPostprocessing = 0;
		};
/* End PBXResourcesBuildPhase section */

/* Begin PBXSourcesBuildPhase section */
		FE4FEA252A38CF7C00007166 /* Sources */ = {
			isa = PBXSourcesBuildPhase;
			buildActionMask = 2147483647;
			files = (
				FE3B7A382A48A9B0006100C7 /* SavingView.swift in Sources */,
				FE4FEA432A38D1C800007166 /* HeaderView.swift in Sources */,
				FEF66D892A4300AF00CE5525 /* WallpaperView.swift in Sources */,
				FE4FEA2F2A38CF7C00007166 /* ContentView.swift in Sources */,
				FEF91FBC2A77B7F6008A22A3 /* DoubleExt.swift in Sources */,
				FE3B7A362A48A70D006100C7 /* FillButtonView.swift in Sources */,
				FE3B7A3A2A48B8E5006100C7 /* PremiumPlanView.swift in Sources */,
				FE42C3082A76B6FF0079CEEB /* AudioContext.swift in Sources */,
				FE4FEA4B2A38D2F600007166 /* Assets.swift in Sources */,
				FEF66D7B2A42C0C800CE5525 /* ActivityViewController.swift in Sources */,
				FE126BF52A6C56BF008C3DB5 /* TutorialView.swift in Sources */,
				FEF66D8D2A446F0E00CE5525 /* TextModifier.swift in Sources */,
				FE3B7A322A48A6B8006100C7 /* LiveWallpaperCutterView.swift in Sources */,
				FE3B7A2E2A477978006100C7 /* AudioCutterView.swift in Sources */,
				FEF66D942A45C4BD00CE5525 /* VideosAsset.swift in Sources */,
				FEF66D802A43007100CE5525 /* MakerView.swift in Sources */,
				FE3B7A302A48A363006100C7 /* SaveRingtoneView.swift in Sources */,
				FE4FEA3D2A38D08A00007166 /* TabBarView.swift in Sources */,
				FEF91FBE2A77B871008A22A3 /* StringExt.swift in Sources */,
				FEF91FC02A77BBA9008A22A3 /* ScrollViewOffset.swift in Sources */,
				FEEAF8A92A961E3B0080DCE8 /* RingtoneExtractor.swift in Sources */,
				FE126BF82A6CE45E008C3DB5 /* RenameView.swift in Sources */,
				FEF66D8F2A454C8B00CE5525 /* VideoView.swift in Sources */,
				FE126BFA2A6CE72F008C3DB5 /* DeleteView.swift in Sources */,
				FEF66D832A43008400CE5525 /* MyTonesView.swift in Sources */,
				FE4FEA4C2A38D2F600007166 /* L10n.swift in Sources */,
				FEF66D8B2A44612600CE5525 /* Constant.swift in Sources */,
				FEF91FB82A776987008A22A3 /* LoadingView.swift in Sources */,
				FE126BFC2A6D0CAD008C3DB5 /* WallpaperDetailView.swift in Sources */,
				FE4FEA2D2A38CF7C00007166 /* RingtoneForestApp.swift in Sources */,
				FE4FEA412A38D0F900007166 /* EnvValueExt.swift in Sources */,
				FEF66D862A43009700CE5525 /* SettingsView.swift in Sources */,
				FE3B7A342A48A6EC006100C7 /* NoFillButtonView.swift in Sources */,
				FEF66D972A45C72000CE5525 /* RecordAudioView.swift in Sources */,
			);
			runOnlyForDeploymentPostprocessing = 0;
		};
/* End PBXSourcesBuildPhase section */

/* Begin XCBuildConfiguration section */
		FE4FEA352A38CF7D00007166 /* Debug */ = {
			isa = XCBuildConfiguration;
			buildSettings = {
				ALWAYS_SEARCH_USER_PATHS = NO;
				CLANG_ANALYZER_NONNULL = YES;
				CLANG_ANALYZER_NUMBER_OBJECT_CONVERSION = YES_AGGRESSIVE;
				CLANG_CXX_LANGUAGE_STANDARD = "gnu++20";
				CLANG_ENABLE_MODULES = YES;
				CLANG_ENABLE_OBJC_ARC = YES;
				CLANG_ENABLE_OBJC_WEAK = YES;
				CLANG_WARN_BLOCK_CAPTURE_AUTORELEASING = YES;
				CLANG_WARN_BOOL_CONVERSION = YES;
				CLANG_WARN_COMMA = YES;
				CLANG_WARN_CONSTANT_CONVERSION = YES;
				CLANG_WARN_DEPRECATED_OBJC_IMPLEMENTATIONS = YES;
				CLANG_WARN_DIRECT_OBJC_ISA_USAGE = YES_ERROR;
				CLANG_WARN_DOCUMENTATION_COMMENTS = YES;
				CLANG_WARN_EMPTY_BODY = YES;
				CLANG_WARN_ENUM_CONVERSION = YES;
				CLANG_WARN_INFINITE_RECURSION = YES;
				CLANG_WARN_INT_CONVERSION = YES;
				CLANG_WARN_NON_LITERAL_NULL_CONVERSION = YES;
				CLANG_WARN_OBJC_IMPLICIT_RETAIN_SELF = YES;
				CLANG_WARN_OBJC_LITERAL_CONVERSION = YES;
				CLANG_WARN_OBJC_ROOT_CLASS = YES_ERROR;
				CLANG_WARN_QUOTED_INCLUDE_IN_FRAMEWORK_HEADER = YES;
				CLANG_WARN_RANGE_LOOP_ANALYSIS = YES;
				CLANG_WARN_STRICT_PROTOTYPES = YES;
				CLANG_WARN_SUSPICIOUS_MOVE = YES;
				CLANG_WARN_UNGUARDED_AVAILABILITY = YES_AGGRESSIVE;
				CLANG_WARN_UNREACHABLE_CODE = YES;
				CLANG_WARN__DUPLICATE_METHOD_MATCH = YES;
				COPY_PHASE_STRIP = NO;
				DEBUG_INFORMATION_FORMAT = dwarf;
				ENABLE_STRICT_OBJC_MSGSEND = YES;
				ENABLE_TESTABILITY = YES;
				GCC_C_LANGUAGE_STANDARD = gnu11;
				GCC_DYNAMIC_NO_PIC = NO;
				GCC_NO_COMMON_BLOCKS = YES;
				GCC_OPTIMIZATION_LEVEL = 0;
				GCC_PREPROCESSOR_DEFINITIONS = (
					"DEBUG=1",
					"$(inherited)",
				);
				GCC_WARN_64_TO_32_BIT_CONVERSION = YES;
				GCC_WARN_ABOUT_RETURN_TYPE = YES_ERROR;
				GCC_WARN_UNDECLARED_SELECTOR = YES;
				GCC_WARN_UNINITIALIZED_AUTOS = YES_AGGRESSIVE;
				GCC_WARN_UNUSED_FUNCTION = YES;
				GCC_WARN_UNUSED_VARIABLE = YES;
				IPHONEOS_DEPLOYMENT_TARGET = 16.4;
				MTL_ENABLE_DEBUG_INFO = INCLUDE_SOURCE;
				MTL_FAST_MATH = YES;
				ONLY_ACTIVE_ARCH = YES;
				SDKROOT = iphoneos;
				SWIFT_ACTIVE_COMPILATION_CONDITIONS = DEBUG;
				SWIFT_OPTIMIZATION_LEVEL = "-Onone";
			};
			name = Debug;
		};
		FE4FEA362A38CF7D00007166 /* Release */ = {
			isa = XCBuildConfiguration;
			buildSettings = {
				ALWAYS_SEARCH_USER_PATHS = NO;
				CLANG_ANALYZER_NONNULL = YES;
				CLANG_ANALYZER_NUMBER_OBJECT_CONVERSION = YES_AGGRESSIVE;
				CLANG_CXX_LANGUAGE_STANDARD = "gnu++20";
				CLANG_ENABLE_MODULES = YES;
				CLANG_ENABLE_OBJC_ARC = YES;
				CLANG_ENABLE_OBJC_WEAK = YES;
				CLANG_WARN_BLOCK_CAPTURE_AUTORELEASING = YES;
				CLANG_WARN_BOOL_CONVERSION = YES;
				CLANG_WARN_COMMA = YES;
				CLANG_WARN_CONSTANT_CONVERSION = YES;
				CLANG_WARN_DEPRECATED_OBJC_IMPLEMENTATIONS = YES;
				CLANG_WARN_DIRECT_OBJC_ISA_USAGE = YES_ERROR;
				CLANG_WARN_DOCUMENTATION_COMMENTS = YES;
				CLANG_WARN_EMPTY_BODY = YES;
				CLANG_WARN_ENUM_CONVERSION = YES;
				CLANG_WARN_INFINITE_RECURSION = YES;
				CLANG_WARN_INT_CONVERSION = YES;
				CLANG_WARN_NON_LITERAL_NULL_CONVERSION = YES;
				CLANG_WARN_OBJC_IMPLICIT_RETAIN_SELF = YES;
				CLANG_WARN_OBJC_LITERAL_CONVERSION = YES;
				CLANG_WARN_OBJC_ROOT_CLASS = YES_ERROR;
				CLANG_WARN_QUOTED_INCLUDE_IN_FRAMEWORK_HEADER = YES;
				CLANG_WARN_RANGE_LOOP_ANALYSIS = YES;
				CLANG_WARN_STRICT_PROTOTYPES = YES;
				CLANG_WARN_SUSPICIOUS_MOVE = YES;
				CLANG_WARN_UNGUARDED_AVAILABILITY = YES_AGGRESSIVE;
				CLANG_WARN_UNREACHABLE_CODE = YES;
				CLANG_WARN__DUPLICATE_METHOD_MATCH = YES;
				COPY_PHASE_STRIP = NO;
				DEBUG_INFORMATION_FORMAT = "dwarf-with-dsym";
				ENABLE_NS_ASSERTIONS = NO;
				ENABLE_STRICT_OBJC_MSGSEND = YES;
				GCC_C_LANGUAGE_STANDARD = gnu11;
				GCC_NO_COMMON_BLOCKS = YES;
				GCC_WARN_64_TO_32_BIT_CONVERSION = YES;
				GCC_WARN_ABOUT_RETURN_TYPE = YES_ERROR;
				GCC_WARN_UNDECLARED_SELECTOR = YES;
				GCC_WARN_UNINITIALIZED_AUTOS = YES_AGGRESSIVE;
				GCC_WARN_UNUSED_FUNCTION = YES;
				GCC_WARN_UNUSED_VARIABLE = YES;
				IPHONEOS_DEPLOYMENT_TARGET = 16.4;
				MTL_ENABLE_DEBUG_INFO = NO;
				MTL_FAST_MATH = YES;
				SDKROOT = iphoneos;
				SWIFT_COMPILATION_MODE = wholemodule;
				SWIFT_OPTIMIZATION_LEVEL = "-O";
				VALIDATE_PRODUCT = YES;
			};
			name = Release;
		};
		FE4FEA382A38CF7D00007166 /* Debug */ = {
			isa = XCBuildConfiguration;
			buildSettings = {
				ASSETCATALOG_COMPILER_APPICON_NAME = AppIcon;
				ASSETCATALOG_COMPILER_GLOBAL_ACCENT_COLOR_NAME = AccentColor;
				CODE_SIGN_STYLE = Automatic;
				CURRENT_PROJECT_VERSION = 1;
				DEVELOPMENT_ASSET_PATHS = "\"RingtoneForest/Preview Content\"";
				DEVELOPMENT_TEAM = TS437CR4M4;
				ENABLE_PREVIEWS = YES;
				GENERATE_INFOPLIST_FILE = YES;
				INFOPLIST_KEY_LSApplicationCategoryType = "";
				INFOPLIST_KEY_NSMicrophoneUsageDescription = "Allow to access your mic to record audio";
				INFOPLIST_KEY_NSPhotoLibraryUsageDescription = "This app needs access to your videos and photos to create music";
				INFOPLIST_KEY_UIApplicationSceneManifest_Generation = YES;
				INFOPLIST_KEY_UIApplicationSupportsIndirectInputEvents = YES;
				INFOPLIST_KEY_UILaunchScreen_Generation = YES;
				INFOPLIST_KEY_UISupportedInterfaceOrientations_iPad = "UIInterfaceOrientationPortrait UIInterfaceOrientationPortraitUpsideDown UIInterfaceOrientationLandscapeLeft UIInterfaceOrientationLandscapeRight";
				INFOPLIST_KEY_UISupportedInterfaceOrientations_iPhone = "UIInterfaceOrientationPortrait UIInterfaceOrientationLandscapeLeft UIInterfaceOrientationLandscapeRight";
				IPHONEOS_DEPLOYMENT_TARGET = 14.0;
				LD_RUNPATH_SEARCH_PATHS = (
					"$(inherited)",
					"@executable_path/Frameworks",
				);
				MARKETING_VERSION = 1.0;
				PRODUCT_BUNDLE_IDENTIFIER = com.tttbkhn.ringtoneforest1;
				PRODUCT_NAME = "$(TARGET_NAME)";
				SWIFT_EMIT_LOC_STRINGS = YES;
				SWIFT_VERSION = 5.0;
				TARGETED_DEVICE_FAMILY = "1,2";
			};
			name = Debug;
		};
		FE4FEA392A38CF7D00007166 /* Release */ = {
			isa = XCBuildConfiguration;
			buildSettings = {
				ASSETCATALOG_COMPILER_APPICON_NAME = AppIcon;
				ASSETCATALOG_COMPILER_GLOBAL_ACCENT_COLOR_NAME = AccentColor;
				CODE_SIGN_STYLE = Automatic;
				CURRENT_PROJECT_VERSION = 1;
				DEVELOPMENT_ASSET_PATHS = "\"RingtoneForest/Preview Content\"";
				DEVELOPMENT_TEAM = TS437CR4M4;
				ENABLE_PREVIEWS = YES;
				GENERATE_INFOPLIST_FILE = YES;
				INFOPLIST_KEY_LSApplicationCategoryType = "";
				INFOPLIST_KEY_NSMicrophoneUsageDescription = "Allow to access your mic to record audio";
				INFOPLIST_KEY_NSPhotoLibraryUsageDescription = "This app needs access to your videos and photos to create music";
				INFOPLIST_KEY_UIApplicationSceneManifest_Generation = YES;
				INFOPLIST_KEY_UIApplicationSupportsIndirectInputEvents = YES;
				INFOPLIST_KEY_UILaunchScreen_Generation = YES;
				INFOPLIST_KEY_UISupportedInterfaceOrientations_iPad = "UIInterfaceOrientationPortrait UIInterfaceOrientationPortraitUpsideDown UIInterfaceOrientationLandscapeLeft UIInterfaceOrientationLandscapeRight";
				INFOPLIST_KEY_UISupportedInterfaceOrientations_iPhone = "UIInterfaceOrientationPortrait UIInterfaceOrientationLandscapeLeft UIInterfaceOrientationLandscapeRight";
				IPHONEOS_DEPLOYMENT_TARGET = 14.0;
				LD_RUNPATH_SEARCH_PATHS = (
					"$(inherited)",
					"@executable_path/Frameworks",
				);
				MARKETING_VERSION = 1.0;
				PRODUCT_BUNDLE_IDENTIFIER = com.tttbkhn.ringtoneforest1;
				PRODUCT_NAME = "$(TARGET_NAME)";
				SWIFT_EMIT_LOC_STRINGS = YES;
				SWIFT_VERSION = 5.0;
				TARGETED_DEVICE_FAMILY = "1,2";
			};
			name = Release;
		};
/* End XCBuildConfiguration section */

/* Begin XCConfigurationList section */
		FE4FEA242A38CF7C00007166 /* Build configuration list for PBXProject "RingtoneForest" */ = {
			isa = XCConfigurationList;
			buildConfigurations = (
				FE4FEA352A38CF7D00007166 /* Debug */,
				FE4FEA362A38CF7D00007166 /* Release */,
			);
			defaultConfigurationIsVisible = 0;
			defaultConfigurationName = Release;
		};
		FE4FEA372A38CF7D00007166 /* Build configuration list for PBXNativeTarget "RingtoneForest" */ = {
			isa = XCConfigurationList;
			buildConfigurations = (
				FE4FEA382A38CF7D00007166 /* Debug */,
				FE4FEA392A38CF7D00007166 /* Release */,
			);
			defaultConfigurationIsVisible = 0;
			defaultConfigurationName = Release;
		};
/* End XCConfigurationList section */

/* Begin XCRemoteSwiftPackageReference section */
		FEF91FC12A77BD67008A22A3 /* XCRemoteSwiftPackageReference "swiftui-introspect" */ = {
			isa = XCRemoteSwiftPackageReference;
			repositoryURL = "https://github.com/siteline/swiftui-introspect";
			requirement = {
				kind = upToNextMajorVersion;
				minimumVersion = 0.10.0;
			};
		};
/* End XCRemoteSwiftPackageReference section */

/* Begin XCSwiftPackageProductDependency section */
		FEF91FC22A77BD67008A22A3 /* SwiftUIIntrospect */ = {
			isa = XCSwiftPackageProductDependency;
			package = FEF91FC12A77BD67008A22A3 /* XCRemoteSwiftPackageReference "swiftui-introspect" */;
			productName = SwiftUIIntrospect;
		};
/* End XCSwiftPackageProductDependency section */
	};
	rootObject = FE4FEA212A38CF7C00007166 /* Project object */;
}
