PODS:
  - MobileVLCKit (3.5.1)
  - Tiercel (3.2.5)

DEPENDENCIES:
  - MobileVLCKit
  - Tiercel

SPEC REPOS:
  trunk:
    - MobileVLCKit
    - Tiercel

SPEC CHECKSUMS:
  MobileVLCKit: 144d5f565512d1147d63b0fa1379231b3fd66535
  Tiercel: c0a73f876a72800333b15f4e7e48791f4ad21e90

PODFILE CHECKSUM: 2c02eff33d21732b3b4c5847776f75b8aceda271

COCOAPODS: 1.12.1
